// !$*UTF8*$!
{
	archiveVersion = 1;
	classes = {
	};
	objectVersion = 46;
	objects = {

/* Begin PBXBuildFile section */
		1933576378D85379AA5095BA /* Pods_LoginF.framework in Frameworks */ = {isa = PBXBuildFile; fileRef = 82BC5D38B8D6E810F78F965A /* Pods_LoginF.framework */; };
		6E15F61C1D859DAC00C5692E /* ic_kakao.png in Resources */ = {isa = PBXBuildFile; fileRef = 6E15F61B1D859DAC00C5692E /* ic_kakao.png */; };
		6E15F61E1D859EAF00C5692E /* KakaoOpenSDK.framework in Frameworks */ = {isa = PBXBuildFile; fileRef = 6E15F61D1D859EAF00C5692E /* KakaoOpenSDK.framework */; };
		6E5D6EB71D8197A500F79BB8 /* AppDelegate.swift in Sources */ = {isa = PBXBuildFile; fileRef = 6E5D6EB61D8197A500F79BB8 /* AppDelegate.swift */; };
		6E5D6EB91D8197A500F79BB8 /* ViewController.swift in Sources */ = {isa = PBXBuildFile; fileRef = 6E5D6EB81D8197A500F79BB8 /* ViewController.swift */; };
		6E5D6EBC1D8197A500F79BB8 /* Main.storyboard in Resources */ = {isa = PBXBuildFile; fileRef = 6E5D6EBA1D8197A500F79BB8 /* Main.storyboard */; };
		6E5D6EBE1D8197A500F79BB8 /* Assets.xcassets in Resources */ = {isa = PBXBuildFile; fileRef = 6E5D6EBD1D8197A500F79BB8 /* Assets.xcassets */; };
		6E5D6EC11D8197A500F79BB8 /* LaunchScreen.storyboard in Resources */ = {isa = PBXBuildFile; fileRef = 6E5D6EBF1D8197A500F79BB8 /* LaunchScreen.storyboard */; };
		6E5D6ECC1D8197A500F79BB8 /* LoginFTests.swift in Sources */ = {isa = PBXBuildFile; fileRef = 6E5D6ECB1D8197A500F79BB8 /* LoginFTests.swift */; };
		6E5D6ED71D8197A500F79BB8 /* LoginFUITests.swift in Sources */ = {isa = PBXBuildFile; fileRef = 6E5D6ED61D8197A500F79BB8 /* LoginFUITests.swift */; };
		6E5D6EE71D819A6100F79BB8 /* GoogleService-Info.plist in Resources */ = {isa = PBXBuildFile; fileRef = 6E5D6EE61D819A6100F79BB8 /* GoogleService-Info.plist */; };
		6E5D6EE91D819B4000F79BB8 /* ic_fb.png in Resources */ = {isa = PBXBuildFile; fileRef = 6E5D6EE81D819B4000F79BB8 /* ic_fb.png */; };
/* End PBXBuildFile section */

/* Begin PBXContainerItemProxy section */
		6E5D6EC81D8197A500F79BB8 /* PBXContainerItemProxy */ = {
			isa = PBXContainerItemProxy;
			containerPortal = 6E5D6EAB1D8197A500F79BB8 /* Project object */;
			proxyType = 1;
			remoteGlobalIDString = 6E5D6EB21D8197A500F79BB8;
			remoteInfo = LoginF;
		};
		6E5D6ED31D8197A500F79BB8 /* PBXContainerItemProxy */ = {
			isa = PBXContainerItemProxy;
			containerPortal = 6E5D6EAB1D8197A500F79BB8 /* Project object */;
			proxyType = 1;
			remoteGlobalIDString = 6E5D6EB21D8197A500F79BB8;
			remoteInfo = LoginF;
		};
/* End PBXContainerItemProxy section */

/* Begin PBXFileReference section */
		3A391726978486E90339AD22 /* Pods-LoginF.debug.xcconfig */ = {isa = PBXFileReference; includeInIndex = 1; lastKnownFileType = text.xcconfig; name = "Pods-LoginF.debug.xcconfig"; path = "Pods/Target Support Files/Pods-LoginF/Pods-LoginF.debug.xcconfig"; sourceTree = "<group>"; };
		3D67EE521E355A5638DBA622 /* Pods-LoginF.release.xcconfig */ = {isa = PBXFileReference; includeInIndex = 1; lastKnownFileType = text.xcconfig; name = "Pods-LoginF.release.xcconfig"; path = "Pods/Target Support Files/Pods-LoginF/Pods-LoginF.release.xcconfig"; sourceTree = "<group>"; };
		6E15F61B1D859DAC00C5692E /* ic_kakao.png */ = {isa = PBXFileReference; lastKnownFileType = image.png; path = ic_kakao.png; sourceTree = "<group>"; };
		6E15F61D1D859EAF00C5692E /* KakaoOpenSDK.framework */ = {isa = PBXFileReference; lastKnownFileType = wrapper.framework; path = KakaoOpenSDK.framework; sourceTree = SOURCE_ROOT; };
		6E15F61F1D859ECB00C5692E /* LoginF-Bridging-Header.h */ = {isa = PBXFileReference; lastKnownFileType = sourcecode.c.h; path = "LoginF-Bridging-Header.h"; sourceTree = "<group>"; };
		6E5D6EB31D8197A500F79BB8 /* LoginF.app */ = {isa = PBXFileReference; explicitFileType = wrapper.application; includeInIndex = 0; path = LoginF.app; sourceTree = BUILT_PRODUCTS_DIR; };
		6E5D6EB61D8197A500F79BB8 /* AppDelegate.swift */ = {isa = PBXFileReference; lastKnownFileType = sourcecode.swift; path = AppDelegate.swift; sourceTree = "<group>"; };
		6E5D6EB81D8197A500F79BB8 /* ViewController.swift */ = {isa = PBXFileReference; lastKnownFileType = sourcecode.swift; path = ViewController.swift; sourceTree = "<group>"; };
		6E5D6EBB1D8197A500F79BB8 /* Base */ = {isa = PBXFileReference; lastKnownFileType = file.storyboard; name = Base; path = Base.lproj/Main.storyboard; sourceTree = "<group>"; };
		6E5D6EBD1D8197A500F79BB8 /* Assets.xcassets */ = {isa = PBXFileReference; lastKnownFileType = folder.assetcatalog; path = Assets.xcassets; sourceTree = "<group>"; };
		6E5D6EC01D8197A500F79BB8 /* Base */ = {isa = PBXFileReference; lastKnownFileType = file.storyboard; name = Base; path = Base.lproj/LaunchScreen.storyboard; sourceTree = "<group>"; };
		6E5D6EC21D8197A500F79BB8 /* Info.plist */ = {isa = PBXFileReference; lastKnownFileType = text.plist.xml; path = Info.plist; sourceTree = "<group>"; };
		6E5D6EC71D8197A500F79BB8 /* LoginFTests.xctest */ = {isa = PBXFileReference; explicitFileType = wrapper.cfbundle; includeInIndex = 0; path = LoginFTests.xctest; sourceTree = BUILT_PRODUCTS_DIR; };
		6E5D6ECB1D8197A500F79BB8 /* LoginFTests.swift */ = {isa = PBXFileReference; lastKnownFileType = sourcecode.swift; path = LoginFTests.swift; sourceTree = "<group>"; };
		6E5D6ECD1D8197A500F79BB8 /* Info.plist */ = {isa = PBXFileReference; lastKnownFileType = text.plist.xml; path = Info.plist; sourceTree = "<group>"; };
		6E5D6ED21D8197A500F79BB8 /* LoginFUITests.xctest */ = {isa = PBXFileReference; explicitFileType = wrapper.cfbundle; includeInIndex = 0; path = LoginFUITests.xctest; sourceTree = BUILT_PRODUCTS_DIR; };
		6E5D6ED61D8197A500F79BB8 /* LoginFUITests.swift */ = {isa = PBXFileReference; lastKnownFileType = sourcecode.swift; path = LoginFUITests.swift; sourceTree = "<group>"; };
		6E5D6ED81D8197A500F79BB8 /* Info.plist */ = {isa = PBXFileReference; lastKnownFileType = text.plist.xml; path = Info.plist; sourceTree = "<group>"; };
		6E5D6EE61D819A6100F79BB8 /* GoogleService-Info.plist */ = {isa = PBXFileReference; fileEncoding = 4; lastKnownFileType = text.plist.xml; path = "GoogleService-Info.plist"; sourceTree = "<group>"; };
		6E5D6EE81D819B4000F79BB8 /* ic_fb.png */ = {isa = PBXFileReference; lastKnownFileType = image.png; path = ic_fb.png; sourceTree = "<group>"; };
		82BC5D38B8D6E810F78F965A /* Pods_LoginF.framework */ = {isa = PBXFileReference; explicitFileType = wrapper.framework; includeInIndex = 0; path = Pods_LoginF.framework; sourceTree = BUILT_PRODUCTS_DIR; };
/* End PBXFileReference section */

/* Begin PBXFrameworksBuildPhase section */
		6E5D6EB01D8197A500F79BB8 /* Frameworks */ = {
			isa = PBXFrameworksBuildPhase;
			buildActionMask = 2147483647;
			files = (
				1933576378D85379AA5095BA /* Pods_LoginF.framework in Frameworks */,
				6E15F61E1D859EAF00C5692E /* KakaoOpenSDK.framework in Frameworks */,
			);
			runOnlyForDeploymentPostprocessing = 0;
		};
		6E5D6EC41D8197A500F79BB8 /* Frameworks */ = {
			isa = PBXFrameworksBuildPhase;
			buildActionMask = 2147483647;
			files = (
			);
			runOnlyForDeploymentPostprocessing = 0;
		};
		6E5D6ECF1D8197A500F79BB8 /* Frameworks */ = {
			isa = PBXFrameworksBuildPhase;
			buildActionMask = 2147483647;
			files = (
			);
			runOnlyForDeploymentPostprocessing = 0;
		};
/* End PBXFrameworksBuildPhase section */

/* Begin PBXGroup section */
		28C924FB7974574AC432C3FE /* Pods */ = {
			isa = PBXGroup;
			children = (
				3A391726978486E90339AD22 /* Pods-LoginF.debug.xcconfig */,
				3D67EE521E355A5638DBA622 /* Pods-LoginF.release.xcconfig */,
			);
			name = Pods;
			sourceTree = "<group>";
		};
		6E5D6EAA1D8197A500F79BB8 = {
			isa = PBXGroup;
			children = (
				6E5D6EB51D8197A500F79BB8 /* LoginF */,
				6E5D6ECA1D8197A500F79BB8 /* LoginFTests */,
				6E5D6ED51D8197A500F79BB8 /* LoginFUITests */,
				6E5D6EB41D8197A500F79BB8 /* Products */,
				28C924FB7974574AC432C3FE /* Pods */,
				B2B511A44DEC0EA0755DFD10 /* Frameworks */,
			);
			sourceTree = "<group>";
		};
		6E5D6EB41D8197A500F79BB8 /* Products */ = {
			isa = PBXGroup;
			children = (
				6E5D6EB31D8197A500F79BB8 /* LoginF.app */,
				6E5D6EC71D8197A500F79BB8 /* LoginFTests.xctest */,
				6E5D6ED21D8197A500F79BB8 /* LoginFUITests.xctest */,
			);
			name = Products;
			sourceTree = "<group>";
		};
		6E5D6EB51D8197A500F79BB8 /* LoginF */ = {
			isa = PBXGroup;
			children = (
				6E5D6EE81D819B4000F79BB8 /* ic_fb.png */,
				6E15F61B1D859DAC00C5692E /* ic_kakao.png */,
				6E5D6EB61D8197A500F79BB8 /* AppDelegate.swift */,
				6E5D6EB81D8197A500F79BB8 /* ViewController.swift */,
				6E5D6EBA1D8197A500F79BB8 /* Main.storyboard */,
				6E5D6EBD1D8197A500F79BB8 /* Assets.xcassets */,
				6E5D6EBF1D8197A500F79BB8 /* LaunchScreen.storyboard */,
				6E5D6EC21D8197A500F79BB8 /* Info.plist */,
				6E5D6EE61D819A6100F79BB8 /* GoogleService-Info.plist */,
				6E15F61D1D859EAF00C5692E /* KakaoOpenSDK.framework */,
				6E15F61F1D859ECB00C5692E /* LoginF-Bridging-Header.h */,
			);
			path = LoginF;
			sourceTree = "<group>";
		};
		6E5D6ECA1D8197A500F79BB8 /* LoginFTests */ = {
			isa = PBXGroup;
			children = (
				6E5D6ECB1D8197A500F79BB8 /* LoginFTests.swift */,
				6E5D6ECD1D8197A500F79BB8 /* Info.plist */,
			);
			path = LoginFTests;
			sourceTree = "<group>";
		};
		6E5D6ED51D8197A500F79BB8 /* LoginFUITests */ = {
			isa = PBXGroup;
			children = (
				6E5D6ED61D8197A500F79BB8 /* LoginFUITests.swift */,
				6E5D6ED81D8197A500F79BB8 /* Info.plist */,
			);
			path = LoginFUITests;
			sourceTree = "<group>";
		};
		B2B511A44DEC0EA0755DFD10 /* Frameworks */ = {
			isa = PBXGroup;
			children = (
				82BC5D38B8D6E810F78F965A /* Pods_LoginF.framework */,
			);
			name = Frameworks;
			sourceTree = "<group>";
		};
/* End PBXGroup section */

/* Begin PBXNativeTarget section */
		6E5D6EB21D8197A500F79BB8 /* LoginF */ = {
			isa = PBXNativeTarget;
			buildConfigurationList = 6E5D6EDB1D8197A500F79BB8 /* Build configuration list for PBXNativeTarget "LoginF" */;
			buildPhases = (
				9A2842CF31FB1CB254F2EFC5 /* Check Pods Manifest.lock */,
				6E5D6EAF1D8197A500F79BB8 /* Sources */,
				6E5D6EB01D8197A500F79BB8 /* Frameworks */,
				6E5D6EB11D8197A500F79BB8 /* Resources */,
				A4414A24BAA556206B339894 /* Embed Pods Frameworks */,
				82730C331021336A5C6423B2 /* Copy Pods Resources */,
			);
			buildRules = (
			);
			dependencies = (
			);
			name = LoginF;
			productName = LoginF;
			productReference = 6E5D6EB31D8197A500F79BB8 /* LoginF.app */;
			productType = "com.apple.product-type.application";
		};
		6E5D6EC61D8197A500F79BB8 /* LoginFTests */ = {
			isa = PBXNativeTarget;
			buildConfigurationList = 6E5D6EDE1D8197A500F79BB8 /* Build configuration list for PBXNativeTarget "LoginFTests" */;
			buildPhases = (
				6E5D6EC31D8197A500F79BB8 /* Sources */,
				6E5D6EC41D8197A500F79BB8 /* Frameworks */,
				6E5D6EC51D8197A500F79BB8 /* Resources */,
			);
			buildRules = (
			);
			dependencies = (
				6E5D6EC91D8197A500F79BB8 /* PBXTargetDependency */,
			);
			name = LoginFTests;
			productName = LoginFTests;
			productReference = 6E5D6EC71D8197A500F79BB8 /* LoginFTests.xctest */;
			productType = "com.apple.product-type.bundle.unit-test";
		};
		6E5D6ED11D8197A500F79BB8 /* LoginFUITests */ = {
			isa = PBXNativeTarget;
			buildConfigurationList = 6E5D6EE11D8197A500F79BB8 /* Build configuration list for PBXNativeTarget "LoginFUITests" */;
			buildPhases = (
				6E5D6ECE1D8197A500F79BB8 /* Sources */,
				6E5D6ECF1D8197A500F79BB8 /* Frameworks */,
				6E5D6ED01D8197A500F79BB8 /* Resources */,
			);
			buildRules = (
			);
			dependencies = (
				6E5D6ED41D8197A500F79BB8 /* PBXTargetDependency */,
			);
			name = LoginFUITests;
			productName = LoginFUITests;
			productReference = 6E5D6ED21D8197A500F79BB8 /* LoginFUITests.xctest */;
			productType = "com.apple.product-type.bundle.ui-testing";
		};
/* End PBXNativeTarget section */

/* Begin PBXProject section */
		6E5D6EAB1D8197A500F79BB8 /* Project object */ = {
			isa = PBXProject;
			attributes = {
				LastSwiftUpdateCheck = 0730;
				LastUpgradeCheck = 0730;
				ORGANIZATIONNAME = guanho;
				TargetAttributes = {
					6E5D6EB21D8197A500F79BB8 = {
						CreatedOnToolsVersion = 7.3.1;
						DevelopmentTeam = 8Z7ZELFAQU;
					};
					6E5D6EC61D8197A500F79BB8 = {
						CreatedOnToolsVersion = 7.3.1;
						DevelopmentTeam = 8Z7ZELFAQU;
						TestTargetID = 6E5D6EB21D8197A500F79BB8;
					};
					6E5D6ED11D8197A500F79BB8 = {
						CreatedOnToolsVersion = 7.3.1;
						DevelopmentTeam = 8Z7ZELFAQU;
						TestTargetID = 6E5D6EB21D8197A500F79BB8;
					};
				};
			};
			buildConfigurationList = 6E5D6EAE1D8197A500F79BB8 /* Build configuration list for PBXProject "LoginF" */;
			compatibilityVersion = "Xcode 3.2";
			developmentRegion = English;
			hasScannedForEncodings = 0;
			knownRegions = (
				en,
				Base,
			);
			mainGroup = 6E5D6EAA1D8197A500F79BB8;
			productRefGroup = 6E5D6EB41D8197A500F79BB8 /* Products */;
			projectDirPath = "";
			projectRoot = "";
			targets = (
				6E5D6EB21D8197A500F79BB8 /* LoginF */,
				6E5D6EC61D8197A500F79BB8 /* LoginFTests */,
				6E5D6ED11D8197A500F79BB8 /* LoginFUITests */,
			);
		};
/* End PBXProject section */

/* Begin PBXResourcesBuildPhase section */
		6E5D6EB11D8197A500F79BB8 /* Resources */ = {
			isa = PBXResourcesBuildPhase;
			buildActionMask = 2147483647;
			files = (
				6E5D6EE91D819B4000F79BB8 /* ic_fb.png in Resources */,
				6E15F61C1D859DAC00C5692E /* ic_kakao.png in Resources */,
				6E5D6EC11D8197A500F79BB8 /* LaunchScreen.storyboard in Resources */,
				6E5D6EE71D819A6100F79BB8 /* GoogleService-Info.plist in Resources */,
				6E5D6EBE1D8197A500F79BB8 /* Assets.xcassets in Resources */,
				6E5D6EBC1D8197A500F79BB8 /* Main.storyboard in Resources */,
			);
			runOnlyForDeploymentPostprocessing = 0;
		};
		6E5D6EC51D8197A500F79BB8 /* Resources */ = {
			isa = PBXResourcesBuildPhase;
			buildActionMask = 2147483647;
			files = (
			);
			runOnlyForDeploymentPostprocessing = 0;
		};
		6E5D6ED01D8197A500F79BB8 /* Resources */ = {
			isa = PBXResourcesBuildPhase;
			buildActionMask = 2147483647;
			files = (
			);
			runOnlyForDeploymentPostprocessing = 0;
		};
/* End PBXResourcesBuildPhase section */

/* Begin PBXShellScriptBuildPhase section */
		82730C331021336A5C6423B2 /* Copy Pods Resources */ = {
			isa = PBXShellScriptBuildPhase;
			buildActionMask = 2147483647;
			files = (
			);
			inputPaths = (
			);
			name = "Copy Pods Resources";
			outputPaths = (
			);
			runOnlyForDeploymentPostprocessing = 0;
			shellPath = /bin/sh;
			shellScript = "\"${SRCROOT}/Pods/Target Support Files/Pods-LoginF/Pods-LoginF-resources.sh\"\n";
			showEnvVarsInLog = 0;
		};
		9A2842CF31FB1CB254F2EFC5 /* Check Pods Manifest.lock */ = {
			isa = PBXShellScriptBuildPhase;
			buildActionMask = 2147483647;
			files = (
			);
			inputPaths = (
			);
			name = "Check Pods Manifest.lock";
			outputPaths = (
			);
			runOnlyForDeploymentPostprocessing = 0;
			shellPath = /bin/sh;
			shellScript = "diff \"${PODS_ROOT}/../Podfile.lock\" \"${PODS_ROOT}/Manifest.lock\" > /dev/null\nif [[ $? != 0 ]] ; then\n    cat << EOM\nerror: The sandbox is not in sync with the Podfile.lock. Run 'pod install' or update your CocoaPods installation.\nEOM\n    exit 1\nfi\n";
			showEnvVarsInLog = 0;
		};
		A4414A24BAA556206B339894 /* Embed Pods Frameworks */ = {
			isa = PBXShellScriptBuildPhase;
			buildActionMask = 2147483647;
			files = (
			);
			inputPaths = (
			);
			name = "Embed Pods Frameworks";
			outputPaths = (
			);
			runOnlyForDeploymentPostprocessing = 0;
			shellPath = /bin/sh;
			shellScript = "\"${SRCROOT}/Pods/Target Support Files/Pods-LoginF/Pods-LoginF-frameworks.sh\"\n";
			showEnvVarsInLog = 0;
		};
/* End PBXShellScriptBuildPhase section */

/* Begin PBXSourcesBuildPhase section */
		6E5D6EAF1D8197A500F79BB8 /* Sources */ = {
			isa = PBXSourcesBuildPhase;
			buildActionMask = 2147483647;
			files = (
				6E5D6EB91D8197A500F79BB8 /* ViewController.swift in Sources */,
				6E5D6EB71D8197A500F79BB8 /* AppDelegate.swift in Sources */,
			);
			runOnlyForDeploymentPostprocessing = 0;
		};
		6E5D6EC31D8197A500F79BB8 /* Sources */ = {
			isa = PBXSourcesBuildPhase;
			buildActionMask = 2147483647;
			files = (
				6E5D6ECC1D8197A500F79BB8 /* LoginFTests.swift in Sources */,
			);
			runOnlyForDeploymentPostprocessing = 0;
		};
		6E5D6ECE1D8197A500F79BB8 /* Sources */ = {
			isa = PBXSourcesBuildPhase;
			buildActionMask = 2147483647;
			files = (
				6E5D6ED71D8197A500F79BB8 /* LoginFUITests.swift in Sources */,
			);
			runOnlyForDeploymentPostprocessing = 0;
		};
/* End PBXSourcesBuildPhase section */

/* Begin PBXTargetDependency section */
		6E5D6EC91D8197A500F79BB8 /* PBXTargetDependency */ = {
			isa = PBXTargetDependency;
			target = 6E5D6EB21D8197A500F79BB8 /* LoginF */;
			targetProxy = 6E5D6EC81D8197A500F79BB8 /* PBXContainerItemProxy */;
		};
		6E5D6ED41D8197A500F79BB8 /* PBXTargetDependency */ = {
			isa = PBXTargetDependency;
			target = 6E5D6EB21D8197A500F79BB8 /* LoginF */;
			targetProxy = 6E5D6ED31D8197A500F79BB8 /* PBXContainerItemProxy */;
		};
/* End PBXTargetDependency section */

/* Begin PBXVariantGroup section */
		6E5D6EBA1D8197A500F79BB8 /* Main.storyboard */ = {
			isa = PBXVariantGroup;
			children = (
				6E5D6EBB1D8197A500F79BB8 /* Base */,
			);
			name = Main.storyboard;
			sourceTree = "<group>";
		};
		6E5D6EBF1D8197A500F79BB8 /* LaunchScreen.storyboard */ = {
			isa = PBXVariantGroup;
			children = (
				6E5D6EC01D8197A500F79BB8 /* Base */,
			);
			name = LaunchScreen.storyboard;
			sourceTree = "<group>";
		};
/* End PBXVariantGroup section */

/* Begin XCBuildConfiguration section */
		6E5D6ED91D8197A500F79BB8 /* Debug */ = {
			isa = XCBuildConfiguration;
			buildSettings = {
				ALWAYS_SEARCH_USER_PATHS = NO;
				CLANG_ANALYZER_NONNULL = YES;
				CLANG_CXX_LANGUAGE_STANDARD = "gnu++0x";
				CLANG_CXX_LIBRARY = "libc++";
				CLANG_ENABLE_MODULES = YES;
				CLANG_ENABLE_OBJC_ARC = YES;
				CLANG_WARN_BOOL_CONVERSION = YES;
				CLANG_WARN_CONSTANT_CONVERSION = YES;
				CLANG_WARN_DIRECT_OBJC_ISA_USAGE = YES_ERROR;
				CLANG_WARN_EMPTY_BODY = YES;
				CLANG_WARN_ENUM_CONVERSION = YES;
				CLANG_WARN_INT_CONVERSION = YES;
				CLANG_WARN_OBJC_ROOT_CLASS = YES_ERROR;
				CLANG_WARN_UNREACHABLE_CODE = YES;
				CLANG_WARN__DUPLICATE_METHOD_MATCH = YES;
				"CODE_SIGN_IDENTITY[sdk=iphoneos*]" = "iPhone Developer";
				COPY_PHASE_STRIP = NO;
				DEBUG_INFORMATION_FORMAT = dwarf;
				ENABLE_STRICT_OBJC_MSGSEND = YES;
				ENABLE_TESTABILITY = YES;
				GCC_C_LANGUAGE_STANDARD = gnu99;
				GCC_DYNAMIC_NO_PIC = NO;
				GCC_NO_COMMON_BLOCKS = YES;
				GCC_OPTIMIZATION_LEVEL = 0;
				GCC_PREPROCESSOR_DEFINITIONS = (
					"DEBUG=1",
					"$(inherited)",
				);
				GCC_WARN_64_TO_32_BIT_CONVERSION = YES;
				GCC_WARN_ABOUT_RETURN_TYPE = YES_ERROR;
				GCC_WARN_UNDECLARED_SELECTOR = YES;
				GCC_WARN_UNINITIALIZED_AUTOS = YES_AGGRESSIVE;
				GCC_WARN_UNUSED_FUNCTION = YES;
				GCC_WARN_UNUSED_VARIABLE = YES;
				IPHONEOS_DEPLOYMENT_TARGET = 9.3;
				MTL_ENABLE_DEBUG_INFO = YES;
				ONLY_ACTIVE_ARCH = YES;
				SDKROOT = iphoneos;
				SWIFT_OPTIMIZATION_LEVEL = "-Onone";
			};
			name = Debug;
		};
		6E5D6EDA1D8197A500F79BB8 /* Release */ = {
			isa = XCBuildConfiguration;
			buildSettings = {
				ALWAYS_SEARCH_USER_PATHS = NO;
				CLANG_ANALYZER_NONNULL = YES;
				CLANG_CXX_LANGUAGE_STANDARD = "gnu++0x";
				CLANG_CXX_LIBRARY = "libc++";
				CLANG_ENABLE_MODULES = YES;
				CLANG_ENABLE_OBJC_ARC = YES;
				CLANG_WARN_BOOL_CONVERSION = YES;
				CLANG_WARN_CONSTANT_CONVERSION = YES;
				CLANG_WARN_DIRECT_OBJC_ISA_USAGE = YES_ERROR;
				CLANG_WARN_EMPTY_BODY = YES;
				CLANG_WARN_ENUM_CONVERSION = YES;
				CLANG_WARN_INT_CONVERSION = YES;
				CLANG_WARN_OBJC_ROOT_CLASS = YES_ERROR;
				CLANG_WARN_UNREACHABLE_CODE = YES;
				CLANG_WARN__DUPLICATE_METHOD_MATCH = YES;
				"CODE_SIGN_IDENTITY[sdk=iphoneos*]" = "iPhone Developer";
				COPY_PHASE_STRIP = NO;
				DEBUG_INFORMATION_FORMAT = "dwarf-with-dsym";
				ENABLE_NS_ASSERTIONS = NO;
				ENABLE_STRICT_OBJC_MSGSEND = YES;
				GCC_C_LANGUAGE_STANDARD = gnu99;
				GCC_NO_COMMON_BLOCKS = YES;
				GCC_WARN_64_TO_32_BIT_CONVERSION = YES;
				GCC_WARN_ABOUT_RETURN_TYPE = YES_ERROR;
				GCC_WARN_UNDECLARED_SELECTOR = YES;
				GCC_WARN_UNINITIALIZED_AUTOS = YES_AGGRESSIVE;
				GCC_WARN_UNUSED_FUNCTION = YES;
				GCC_WARN_UNUSED_VARIABLE = YES;
				IPHONEOS_DEPLOYMENT_TARGET = 9.3;
				MTL_ENABLE_DEBUG_INFO = NO;
				SDKROOT = iphoneos;
				VALIDATE_PRODUCT = YES;
			};
			name = Release;
		};
		6E5D6EDC1D8197A500F79BB8 /* Debug */ = {
			isa = XCBuildConfiguration;
			baseConfigurationReference = 3A391726978486E90339AD22 /* Pods-LoginF.debug.xcconfig */;
			buildSettings = {
				ASSETCATALOG_COMPILER_APPICON_NAME = AppIcon;
				CLANG_ENABLE_MODULES = YES;
				CODE_SIGN_IDENTITY = "iPhone Developer";
				"CODE_SIGN_IDENTITY[sdk=iphoneos*]" = "iPhone Developer";
				FRAMEWORK_SEARCH_PATHS = (
					"$(inherited)",
					"$(PROJECT_DIR)",
				);
				INFOPLIST_FILE = LoginF/Info.plist;
				LD_RUNPATH_SEARCH_PATHS = "$(inherited) @executable_path/Frameworks";
				PRODUCT_BUNDLE_IDENTIFIER = com.decube.LoginF;
				PRODUCT_NAME = "$(TARGET_NAME)";
				PROVISIONING_PROFILE = "";
				SWIFT_OBJC_BRIDGING_HEADER = "LoginF/LoginF-Bridging-Header.h";
				SWIFT_OPTIMIZATION_LEVEL = "-Onone";
			};
			name = Debug;
		};
		6E5D6EDD1D8197A500F79BB8 /* Release */ = {
			isa = XCBuildConfiguration;
			baseConfigurationReference = 3D67EE521E355A5638DBA622 /* Pods-LoginF.release.xcconfig */;
			buildSettings = {
				ASSETCATALOG_COMPILER_APPICON_NAME = AppIcon;
				CLANG_ENABLE_MODULES = YES;
				CODE_SIGN_IDENTITY = "iPhone Developer";
				"CODE_SIGN_IDENTITY[sdk=iphoneos*]" = "iPhone Developer";
				FRAMEWORK_SEARCH_PATHS = (
					"$(inherited)",
					"$(PROJECT_DIR)",
				);
				INFOPLIST_FILE = LoginF/Info.plist;
				LD_RUNPATH_SEARCH_PATHS = "$(inherited) @executable_path/Frameworks";
				PRODUCT_BUNDLE_IDENTIFIER = com.decube.LoginF;
				PRODUCT_NAME = "$(TARGET_NAME)";
				PROVISIONING_PROFILE = "";
				SWIFT_OBJC_BRIDGING_HEADER = "LoginF/LoginF-Bridging-Header.h";
			};
			name = Release;
		};
		6E5D6EDF1D8197A500F79BB8 /* Debug */ = {
			isa = XCBuildConfiguration;
			buildSettings = {
				BUNDLE_LOADER = "$(TEST_HOST)";
				INFOPLIST_FILE = LoginFTests/Info.plist;
				LD_RUNPATH_SEARCH_PATHS = "$(inherited) @executable_path/Frameworks @loader_path/Frameworks";
				PRODUCT_BUNDLE_IDENTIFIER = com.decube.LoginFTests;
				PRODUCT_NAME = "$(TARGET_NAME)";
				TEST_HOST = "$(BUILT_PRODUCTS_DIR)/LoginF.app/LoginF";
			};
			name = Debug;
		};
		6E5D6EE01D8197A500F79BB8 /* Release */ = {
			isa = XCBuildConfiguration;
			buildSettings = {
				BUNDLE_LOADER = "$(TEST_HOST)";
				INFOPLIST_FILE = LoginFTests/Info.plist;
				LD_RUNPATH_SEARCH_PATHS = "$(inherited) @executable_path/Frameworks @loader_path/Frameworks";
				PRODUCT_BUNDLE_IDENTIFIER = com.decube.LoginFTests;
				PRODUCT_NAME = "$(TARGET_NAME)";
				TEST_HOST = "$(BUILT_PRODUCTS_DIR)/LoginF.app/LoginF";
			};
			name = Release;
		};
		6E5D6EE21D8197A500F79BB8 /* Debug */ = {
			isa = XCBuildConfiguration;
			buildSettings = {
				INFOPLIST_FILE = LoginFUITests/Info.plist;
				LD_RUNPATH_SEARCH_PATHS = "$(inherited) @executable_path/Frameworks @loader_path/Frameworks";
				PRODUCT_BUNDLE_IDENTIFIER = com.decube.LoginFUITests;
				PRODUCT_NAME = "$(TARGET_NAME)";
				TEST_TARGET_NAME = LoginF;
			};
			name = Debug;
		};
		6E5D6EE31D8197A500F79BB8 /* Release */ = {
			isa = XCBuildConfiguration;
			buildSettings = {
				INFOPLIST_FILE = LoginFUITests/Info.plist;
				LD_RUNPATH_SEARCH_PATHS = "$(inherited) @executable_path/Frameworks @loader_path/Frameworks";
				PRODUCT_BUNDLE_IDENTIFIER = com.decube.LoginFUITests;
				PRODUCT_NAME = "$(TARGET_NAME)";
				TEST_TARGET_NAME = LoginF;
			};
			name = Release;
		};
/* End XCBuildConfiguration section */

/* Begin XCConfigurationList section */
		6E5D6EAE1D8197A500F79BB8 /* Build configuration list for PBXProject "LoginF" */ = {
			isa = XCConfigurationList;
			buildConfigurations = (
				6E5D6ED91D8197A500F79BB8 /* Debug */,
				6E5D6EDA1D8197A500F79BB8 /* Release */,
			);
			defaultConfigurationIsVisible = 0;
			defaultConfigurationName = Release;
		};
		6E5D6EDB1D8197A500F79BB8 /* Build configuration list for PBXNativeTarget "LoginF" */ = {
			isa = XCConfigurationList;
			buildConfigurations = (
				6E5D6EDC1D8197A500F79BB8 /* Debug */,
				6E5D6EDD1D8197A500F79BB8 /* Release */,
			);
			defaultConfigurationIsVisible = 0;
			defaultConfigurationName = Release;
		};
		6E5D6EDE1D8197A500F79BB8 /* Build configuration list for PBXNativeTarget "LoginFTests" */ = {
			isa = XCConfigurationList;
			buildConfigurations = (
				6E5D6EDF1D8197A500F79BB8 /* Debug */,
				6E5D6EE01D8197A500F79BB8 /* Release */,
			);
			defaultConfigurationIsVisible = 0;
			defaultConfigurationName = Release;
		};
		6E5D6EE11D8197A500F79BB8 /* Build configuration list for PBXNativeTarget "LoginFUITests" */ = {
			isa = XCConfigurationList;
			buildConfigurations = (
				6E5D6EE21D8197A500F79BB8 /* Debug */,
				6E5D6EE31D8197A500F79BB8 /* Release */,
			);
			defaultConfigurationIsVisible = 0;
			defaultConfigurationName = Release;
		};
/* End XCConfigurationList section */
	};
	rootObject = 6E5D6EAB1D8197A500F79BB8 /* Project object */;
}
