// !$*UTF8*$!
{
	archiveVersion = 1;
	classes = {
	};
	objectVersion = 46;
	objects = {

/* Begin PBXBuildFile section */
		6E576C641DE87E4C00E2B317 /* AppDelegate.swift in Sources */ = {isa = PBXBuildFile; fileRef = 6E576C631DE87E4C00E2B317 /* AppDelegate.swift */; };
		6E576C691DE87E4C00E2B317 /* Main.storyboard in Resources */ = {isa = PBXBuildFile; fileRef = 6E576C671DE87E4C00E2B317 /* Main.storyboard */; };
		6E576C6B1DE87E4C00E2B317 /* Assets.xcassets in Resources */ = {isa = PBXBuildFile; fileRef = 6E576C6A1DE87E4C00E2B317 /* Assets.xcassets */; };
		6E576C6E1DE87E4C00E2B317 /* LaunchScreen.storyboard in Resources */ = {isa = PBXBuildFile; fileRef = 6E576C6C1DE87E4C00E2B317 /* LaunchScreen.storyboard */; };
		6E576C791DE87E4C00E2B317 /* PhotoTests.swift in Sources */ = {isa = PBXBuildFile; fileRef = 6E576C781DE87E4C00E2B317 /* PhotoTests.swift */; };
		6E576C841DE87E4C00E2B317 /* PhotoUITests.swift in Sources */ = {isa = PBXBuildFile; fileRef = 6E576C831DE87E4C00E2B317 /* PhotoUITests.swift */; };
		6E576C921DE87EC800E2B317 /* CollectionViewController.swift in Sources */ = {isa = PBXBuildFile; fileRef = 6E576C911DE87EC800E2B317 /* CollectionViewController.swift */; };
		6E576C981DE87F7F00E2B317 /* CollectionViewCell.swift in Sources */ = {isa = PBXBuildFile; fileRef = 6E576C971DE87F7F00E2B317 /* CollectionViewCell.swift */; };
		6E576C9A1DE8800900E2B317 /* images in Resources */ = {isa = PBXBuildFile; fileRef = 6E576C991DE8800900E2B317 /* images */; };
		6E576C9C1DE8818700E2B317 /* ViewController.swift in Sources */ = {isa = PBXBuildFile; fileRef = 6E576C9B1DE8818700E2B317 /* ViewController.swift */; };
		6E94CF041DEC49AF00B5F2B9 /* PhotosUI.framework in Frameworks */ = {isa = PBXBuildFile; fileRef = 6E94CF031DEC49AF00B5F2B9 /* PhotosUI.framework */; };
		6E94CF061DEC49AF00B5F2B9 /* Photos.framework in Frameworks */ = {isa = PBXBuildFile; fileRef = 6E94CF051DEC49AF00B5F2B9 /* Photos.framework */; };
		6E94CF091DEC49AF00B5F2B9 /* PhotoEditingViewController.swift in Sources */ = {isa = PBXBuildFile; fileRef = 6E94CF081DEC49AF00B5F2B9 /* PhotoEditingViewController.swift */; };
		6E94CF0C1DEC49AF00B5F2B9 /* MainInterface.storyboard in Resources */ = {isa = PBXBuildFile; fileRef = 6E94CF0A1DEC49AF00B5F2B9 /* MainInterface.storyboard */; };
		6E94CF101DEC49AF00B5F2B9 /* ApplyEffect.appex in Embed App Extensions */ = {isa = PBXBuildFile; fileRef = 6E94CF011DEC49AF00B5F2B9 /* ApplyEffect.appex */; settings = {ATTRIBUTES = (RemoveHeadersOnCopy, ); }; };
/* End PBXBuildFile section */

/* Begin PBXContainerItemProxy section */
		6E576C751DE87E4C00E2B317 /* PBXContainerItemProxy */ = {
			isa = PBXContainerItemProxy;
			containerPortal = 6E576C581DE87E4C00E2B317 /* Project object */;
			proxyType = 1;
			remoteGlobalIDString = 6E576C5F1DE87E4C00E2B317;
			remoteInfo = Photo;
		};
		6E576C801DE87E4C00E2B317 /* PBXContainerItemProxy */ = {
			isa = PBXContainerItemProxy;
			containerPortal = 6E576C581DE87E4C00E2B317 /* Project object */;
			proxyType = 1;
			remoteGlobalIDString = 6E576C5F1DE87E4C00E2B317;
			remoteInfo = Photo;
		};
		6E94CF0E1DEC49AF00B5F2B9 /* PBXContainerItemProxy */ = {
			isa = PBXContainerItemProxy;
			containerPortal = 6E576C581DE87E4C00E2B317 /* Project object */;
			proxyType = 1;
			remoteGlobalIDString = 6E94CF001DEC49AF00B5F2B9;
			remoteInfo = ApplyEffect;
		};
/* End PBXContainerItemProxy section */

/* Begin PBXCopyFilesBuildPhase section */
		6E94CF141DEC49AF00B5F2B9 /* Embed App Extensions */ = {
			isa = PBXCopyFilesBuildPhase;
			buildActionMask = 2147483647;
			dstPath = "";
			dstSubfolderSpec = 13;
			files = (
				6E94CF101DEC49AF00B5F2B9 /* ApplyEffect.appex in Embed App Extensions */,
			);
			name = "Embed App Extensions";
			runOnlyForDeploymentPostprocessing = 0;
		};
/* End PBXCopyFilesBuildPhase section */

/* Begin PBXFileReference section */
		6E576C601DE87E4C00E2B317 /* Photo.app */ = {isa = PBXFileReference; explicitFileType = wrapper.application; includeInIndex = 0; path = Photo.app; sourceTree = BUILT_PRODUCTS_DIR; };
		6E576C631DE87E4C00E2B317 /* AppDelegate.swift */ = {isa = PBXFileReference; lastKnownFileType = sourcecode.swift; path = AppDelegate.swift; sourceTree = "<group>"; };
		6E576C681DE87E4C00E2B317 /* Base */ = {isa = PBXFileReference; lastKnownFileType = file.storyboard; name = Base; path = Base.lproj/Main.storyboard; sourceTree = "<group>"; };
		6E576C6A1DE87E4C00E2B317 /* Assets.xcassets */ = {isa = PBXFileReference; lastKnownFileType = folder.assetcatalog; path = Assets.xcassets; sourceTree = "<group>"; };
		6E576C6D1DE87E4C00E2B317 /* Base */ = {isa = PBXFileReference; lastKnownFileType = file.storyboard; name = Base; path = Base.lproj/LaunchScreen.storyboard; sourceTree = "<group>"; };
		6E576C6F1DE87E4C00E2B317 /* Info.plist */ = {isa = PBXFileReference; lastKnownFileType = text.plist.xml; path = Info.plist; sourceTree = "<group>"; };
		6E576C741DE87E4C00E2B317 /* PhotoTests.xctest */ = {isa = PBXFileReference; explicitFileType = wrapper.cfbundle; includeInIndex = 0; path = PhotoTests.xctest; sourceTree = BUILT_PRODUCTS_DIR; };
		6E576C781DE87E4C00E2B317 /* PhotoTests.swift */ = {isa = PBXFileReference; lastKnownFileType = sourcecode.swift; path = PhotoTests.swift; sourceTree = "<group>"; };
		6E576C7A1DE87E4C00E2B317 /* Info.plist */ = {isa = PBXFileReference; lastKnownFileType = text.plist.xml; path = Info.plist; sourceTree = "<group>"; };
		6E576C7F1DE87E4C00E2B317 /* PhotoUITests.xctest */ = {isa = PBXFileReference; explicitFileType = wrapper.cfbundle; includeInIndex = 0; path = PhotoUITests.xctest; sourceTree = BUILT_PRODUCTS_DIR; };
		6E576C831DE87E4C00E2B317 /* PhotoUITests.swift */ = {isa = PBXFileReference; lastKnownFileType = sourcecode.swift; path = PhotoUITests.swift; sourceTree = "<group>"; };
		6E576C851DE87E4C00E2B317 /* Info.plist */ = {isa = PBXFileReference; lastKnownFileType = text.plist.xml; path = Info.plist; sourceTree = "<group>"; };
		6E576C911DE87EC800E2B317 /* CollectionViewController.swift */ = {isa = PBXFileReference; fileEncoding = 4; lastKnownFileType = sourcecode.swift; path = CollectionViewController.swift; sourceTree = "<group>"; };
		6E576C971DE87F7F00E2B317 /* CollectionViewCell.swift */ = {isa = PBXFileReference; fileEncoding = 4; lastKnownFileType = sourcecode.swift; path = CollectionViewCell.swift; sourceTree = "<group>"; };
		6E576C991DE8800900E2B317 /* images */ = {isa = PBXFileReference; lastKnownFileType = folder; path = images; sourceTree = "<group>"; };
		6E576C9B1DE8818700E2B317 /* ViewController.swift */ = {isa = PBXFileReference; fileEncoding = 4; lastKnownFileType = sourcecode.swift; path = ViewController.swift; sourceTree = "<group>"; };
		6E94CF011DEC49AF00B5F2B9 /* ApplyEffect.appex */ = {isa = PBXFileReference; explicitFileType = "wrapper.app-extension"; includeInIndex = 0; path = ApplyEffect.appex; sourceTree = BUILT_PRODUCTS_DIR; };
		6E94CF031DEC49AF00B5F2B9 /* PhotosUI.framework */ = {isa = PBXFileReference; lastKnownFileType = wrapper.framework; name = PhotosUI.framework; path = System/Library/Frameworks/PhotosUI.framework; sourceTree = SDKROOT; };
		6E94CF051DEC49AF00B5F2B9 /* Photos.framework */ = {isa = PBXFileReference; lastKnownFileType = wrapper.framework; name = Photos.framework; path = System/Library/Frameworks/Photos.framework; sourceTree = SDKROOT; };
		6E94CF081DEC49AF00B5F2B9 /* PhotoEditingViewController.swift */ = {isa = PBXFileReference; lastKnownFileType = sourcecode.swift; path = PhotoEditingViewController.swift; sourceTree = "<group>"; };
		6E94CF0B1DEC49AF00B5F2B9 /* Base */ = {isa = PBXFileReference; lastKnownFileType = file.storyboard; name = Base; path = Base.lproj/MainInterface.storyboard; sourceTree = "<group>"; };
		6E94CF0D1DEC49AF00B5F2B9 /* Info.plist */ = {isa = PBXFileReference; lastKnownFileType = text.plist.xml; path = Info.plist; sourceTree = "<group>"; };
/* End PBXFileReference section */

/* Begin PBXFrameworksBuildPhase section */
		6E576C5D1DE87E4C00E2B317 /* Frameworks */ = {
			isa = PBXFrameworksBuildPhase;
			buildActionMask = 2147483647;
			files = (
			);
			runOnlyForDeploymentPostprocessing = 0;
		};
		6E576C711DE87E4C00E2B317 /* Frameworks */ = {
			isa = PBXFrameworksBuildPhase;
			buildActionMask = 2147483647;
			files = (
			);
			runOnlyForDeploymentPostprocessing = 0;
		};
		6E576C7C1DE87E4C00E2B317 /* Frameworks */ = {
			isa = PBXFrameworksBuildPhase;
			buildActionMask = 2147483647;
			files = (
			);
			runOnlyForDeploymentPostprocessing = 0;
		};
		6E94CEFE1DEC49AF00B5F2B9 /* Frameworks */ = {
			isa = PBXFrameworksBuildPhase;
			buildActionMask = 2147483647;
			files = (
				6E94CF041DEC49AF00B5F2B9 /* PhotosUI.framework in Frameworks */,
				6E94CF061DEC49AF00B5F2B9 /* Photos.framework in Frameworks */,
			);
			runOnlyForDeploymentPostprocessing = 0;
		};
/* End PBXFrameworksBuildPhase section */

/* Begin PBXGroup section */
		6E576C571DE87E4C00E2B317 = {
			isa = PBXGroup;
			children = (
				6E576C621DE87E4C00E2B317 /* Photo */,
				6E576C771DE87E4C00E2B317 /* PhotoTests */,
				6E576C821DE87E4C00E2B317 /* PhotoUITests */,
				6E94CF071DEC49AF00B5F2B9 /* ApplyEffect */,
				6E94CF021DEC49AF00B5F2B9 /* Frameworks */,
				6E576C611DE87E4C00E2B317 /* Products */,
			);
			sourceTree = "<group>";
		};
		6E576C611DE87E4C00E2B317 /* Products */ = {
			isa = PBXGroup;
			children = (
				6E576C601DE87E4C00E2B317 /* Photo.app */,
				6E576C741DE87E4C00E2B317 /* PhotoTests.xctest */,
				6E576C7F1DE87E4C00E2B317 /* PhotoUITests.xctest */,
				6E94CF011DEC49AF00B5F2B9 /* ApplyEffect.appex */,
			);
			name = Products;
			sourceTree = "<group>";
		};
		6E576C621DE87E4C00E2B317 /* Photo */ = {
			isa = PBXGroup;
			children = (
				6E576C991DE8800900E2B317 /* images */,
				6E576C631DE87E4C00E2B317 /* AppDelegate.swift */,
				6E576C9B1DE8818700E2B317 /* ViewController.swift */,
				6E576C671DE87E4C00E2B317 /* Main.storyboard */,
				6E576C971DE87F7F00E2B317 /* CollectionViewCell.swift */,
				6E576C911DE87EC800E2B317 /* CollectionViewController.swift */,
				6E576C6A1DE87E4C00E2B317 /* Assets.xcassets */,
				6E576C6C1DE87E4C00E2B317 /* LaunchScreen.storyboard */,
				6E576C6F1DE87E4C00E2B317 /* Info.plist */,
			);
			path = Photo;
			sourceTree = "<group>";
		};
		6E576C771DE87E4C00E2B317 /* PhotoTests */ = {
			isa = PBXGroup;
			children = (
				6E576C781DE87E4C00E2B317 /* PhotoTests.swift */,
				6E576C7A1DE87E4C00E2B317 /* Info.plist */,
			);
			path = PhotoTests;
			sourceTree = "<group>";
		};
		6E576C821DE87E4C00E2B317 /* PhotoUITests */ = {
			isa = PBXGroup;
			children = (
				6E576C831DE87E4C00E2B317 /* PhotoUITests.swift */,
				6E576C851DE87E4C00E2B317 /* Info.plist */,
			);
			path = PhotoUITests;
			sourceTree = "<group>";
		};
		6E94CF021DEC49AF00B5F2B9 /* Frameworks */ = {
			isa = PBXGroup;
			children = (
				6E94CF031DEC49AF00B5F2B9 /* PhotosUI.framework */,
				6E94CF051DEC49AF00B5F2B9 /* Photos.framework */,
			);
			name = Frameworks;
			sourceTree = "<group>";
		};
		6E94CF071DEC49AF00B5F2B9 /* ApplyEffect */ = {
			isa = PBXGroup;
			children = (
				6E94CF081DEC49AF00B5F2B9 /* PhotoEditingViewController.swift */,
				6E94CF0A1DEC49AF00B5F2B9 /* MainInterface.storyboard */,
				6E94CF0D1DEC49AF00B5F2B9 /* Info.plist */,
			);
			path = ApplyEffect;
			sourceTree = "<group>";
		};
/* End PBXGroup section */

/* Begin PBXNativeTarget section */
		6E576C5F1DE87E4C00E2B317 /* Photo */ = {
			isa = PBXNativeTarget;
			buildConfigurationList = 6E576C881DE87E4C00E2B317 /* Build configuration list for PBXNativeTarget "Photo" */;
			buildPhases = (
				6E576C5C1DE87E4C00E2B317 /* Sources */,
				6E576C5D1DE87E4C00E2B317 /* Frameworks */,
				6E576C5E1DE87E4C00E2B317 /* Resources */,
				6E94CF141DEC49AF00B5F2B9 /* Embed App Extensions */,
			);
			buildRules = (
			);
			dependencies = (
				6E94CF0F1DEC49AF00B5F2B9 /* PBXTargetDependency */,
			);
			name = Photo;
			productName = Photo;
			productReference = 6E576C601DE87E4C00E2B317 /* Photo.app */;
			productType = "com.apple.product-type.application";
		};
		6E576C731DE87E4C00E2B317 /* PhotoTests */ = {
			isa = PBXNativeTarget;
			buildConfigurationList = 6E576C8B1DE87E4C00E2B317 /* Build configuration list for PBXNativeTarget "PhotoTests" */;
			buildPhases = (
				6E576C701DE87E4C00E2B317 /* Sources */,
				6E576C711DE87E4C00E2B317 /* Frameworks */,
				6E576C721DE87E4C00E2B317 /* Resources */,
			);
			buildRules = (
			);
			dependencies = (
				6E576C761DE87E4C00E2B317 /* PBXTargetDependency */,
			);
			name = PhotoTests;
			productName = PhotoTests;
			productReference = 6E576C741DE87E4C00E2B317 /* PhotoTests.xctest */;
			productType = "com.apple.product-type.bundle.unit-test";
		};
		6E576C7E1DE87E4C00E2B317 /* PhotoUITests */ = {
			isa = PBXNativeTarget;
			buildConfigurationList = 6E576C8E1DE87E4C00E2B317 /* Build configuration list for PBXNativeTarget "PhotoUITests" */;
			buildPhases = (
				6E576C7B1DE87E4C00E2B317 /* Sources */,
				6E576C7C1DE87E4C00E2B317 /* Frameworks */,
				6E576C7D1DE87E4C00E2B317 /* Resources */,
			);
			buildRules = (
			);
			dependencies = (
				6E576C811DE87E4C00E2B317 /* PBXTargetDependency */,
			);
			name = PhotoUITests;
			productName = PhotoUITests;
			productReference = 6E576C7F1DE87E4C00E2B317 /* PhotoUITests.xctest */;
			productType = "com.apple.product-type.bundle.ui-testing";
		};
		6E94CF001DEC49AF00B5F2B9 /* ApplyEffect */ = {
			isa = PBXNativeTarget;
			buildConfigurationList = 6E94CF111DEC49AF00B5F2B9 /* Build configuration list for PBXNativeTarget "ApplyEffect" */;
			buildPhases = (
				6E94CEFD1DEC49AF00B5F2B9 /* Sources */,
				6E94CEFE1DEC49AF00B5F2B9 /* Frameworks */,
				6E94CEFF1DEC49AF00B5F2B9 /* Resources */,
			);
			buildRules = (
			);
			dependencies = (
			);
			name = ApplyEffect;
			productName = ApplyEffect;
			productReference = 6E94CF011DEC49AF00B5F2B9 /* ApplyEffect.appex */;
			productType = "com.apple.product-type.app-extension";
		};
/* End PBXNativeTarget section */

/* Begin PBXProject section */
		6E576C581DE87E4C00E2B317 /* Project object */ = {
			isa = PBXProject;
			attributes = {
				LastSwiftUpdateCheck = 0810;
				LastUpgradeCheck = 0810;
				ORGANIZATIONNAME = guanho;
				TargetAttributes = {
					6E576C5F1DE87E4C00E2B317 = {
						CreatedOnToolsVersion = 8.1;
						DevelopmentTeam = 95YHHS8BGP;
						ProvisioningStyle = Automatic;
					};
					6E576C731DE87E4C00E2B317 = {
						CreatedOnToolsVersion = 8.1;
						DevelopmentTeam = 95YHHS8BGP;
						ProvisioningStyle = Automatic;
						TestTargetID = 6E576C5F1DE87E4C00E2B317;
					};
					6E576C7E1DE87E4C00E2B317 = {
						CreatedOnToolsVersion = 8.1;
						DevelopmentTeam = 95YHHS8BGP;
						ProvisioningStyle = Automatic;
						TestTargetID = 6E576C5F1DE87E4C00E2B317;
					};
					6E94CF001DEC49AF00B5F2B9 = {
						CreatedOnToolsVersion = 8.1;
						DevelopmentTeam = 95YHHS8BGP;
						ProvisioningStyle = Automatic;
					};
				};
			};
			buildConfigurationList = 6E576C5B1DE87E4C00E2B317 /* Build configuration list for PBXProject "Photo" */;
			compatibilityVersion = "Xcode 3.2";
			developmentRegion = English;
			hasScannedForEncodings = 0;
			knownRegions = (
				en,
				Base,
			);
			mainGroup = 6E576C571DE87E4C00E2B317;
			productRefGroup = 6E576C611DE87E4C00E2B317 /* Products */;
			projectDirPath = "";
			projectRoot = "";
			targets = (
				6E576C5F1DE87E4C00E2B317 /* Photo */,
				6E576C731DE87E4C00E2B317 /* PhotoTests */,
				6E576C7E1DE87E4C00E2B317 /* PhotoUITests */,
				6E94CF001DEC49AF00B5F2B9 /* ApplyEffect */,
			);
		};
/* End PBXProject section */

/* Begin PBXResourcesBuildPhase section */
		6E576C5E1DE87E4C00E2B317 /* Resources */ = {
			isa = PBXResourcesBuildPhase;
			buildActionMask = 2147483647;
			files = (
				6E576C9A1DE8800900E2B317 /* images in Resources */,
				6E576C6E1DE87E4C00E2B317 /* LaunchScreen.storyboard in Resources */,
				6E576C6B1DE87E4C00E2B317 /* Assets.xcassets in Resources */,
				6E576C691DE87E4C00E2B317 /* Main.storyboard in Resources */,
			);
			runOnlyForDeploymentPostprocessing = 0;
		};
		6E576C721DE87E4C00E2B317 /* Resources */ = {
			isa = PBXResourcesBuildPhase;
			buildActionMask = 2147483647;
			files = (
			);
			runOnlyForDeploymentPostprocessing = 0;
		};
		6E576C7D1DE87E4C00E2B317 /* Resources */ = {
			isa = PBXResourcesBuildPhase;
			buildActionMask = 2147483647;
			files = (
			);
			runOnlyForDeploymentPostprocessing = 0;
		};
		6E94CEFF1DEC49AF00B5F2B9 /* Resources */ = {
			isa = PBXResourcesBuildPhase;
			buildActionMask = 2147483647;
			files = (
				6E94CF0C1DEC49AF00B5F2B9 /* MainInterface.storyboard in Resources */,
			);
			runOnlyForDeploymentPostprocessing = 0;
		};
/* End PBXResourcesBuildPhase section */

/* Begin PBXSourcesBuildPhase section */
		6E576C5C1DE87E4C00E2B317 /* Sources */ = {
			isa = PBXSourcesBuildPhase;
			buildActionMask = 2147483647;
			files = (
				6E576C921DE87EC800E2B317 /* CollectionViewController.swift in Sources */,
				6E576C641DE87E4C00E2B317 /* AppDelegate.swift in Sources */,
				6E576C9C1DE8818700E2B317 /* ViewController.swift in Sources */,
				6E576C981DE87F7F00E2B317 /* CollectionViewCell.swift in Sources */,
			);
			runOnlyForDeploymentPostprocessing = 0;
		};
		6E576C701DE87E4C00E2B317 /* Sources */ = {
			isa = PBXSourcesBuildPhase;
			buildActionMask = 2147483647;
			files = (
				6E576C791DE87E4C00E2B317 /* PhotoTests.swift in Sources */,
			);
			runOnlyForDeploymentPostprocessing = 0;
		};
		6E576C7B1DE87E4C00E2B317 /* Sources */ = {
			isa = PBXSourcesBuildPhase;
			buildActionMask = 2147483647;
			files = (
				6E576C841DE87E4C00E2B317 /* PhotoUITests.swift in Sources */,
			);
			runOnlyForDeploymentPostprocessing = 0;
		};
		6E94CEFD1DEC49AF00B5F2B9 /* Sources */ = {
			isa = PBXSourcesBuildPhase;
			buildActionMask = 2147483647;
			files = (
				6E94CF091DEC49AF00B5F2B9 /* PhotoEditingViewController.swift in Sources */,
			);
			runOnlyForDeploymentPostprocessing = 0;
		};
/* End PBXSourcesBuildPhase section */

/* Begin PBXTargetDependency section */
		6E576C761DE87E4C00E2B317 /* PBXTargetDependency */ = {
			isa = PBXTargetDependency;
			target = 6E576C5F1DE87E4C00E2B317 /* Photo */;
			targetProxy = 6E576C751DE87E4C00E2B317 /* PBXContainerItemProxy */;
		};
		6E576C811DE87E4C00E2B317 /* PBXTargetDependency */ = {
			isa = PBXTargetDependency;
			target = 6E576C5F1DE87E4C00E2B317 /* Photo */;
			targetProxy = 6E576C801DE87E4C00E2B317 /* PBXContainerItemProxy */;
		};
		6E94CF0F1DEC49AF00B5F2B9 /* PBXTargetDependency */ = {
			isa = PBXTargetDependency;
			target = 6E94CF001DEC49AF00B5F2B9 /* ApplyEffect */;
			targetProxy = 6E94CF0E1DEC49AF00B5F2B9 /* PBXContainerItemProxy */;
		};
/* End PBXTargetDependency section */

/* Begin PBXVariantGroup section */
		6E576C671DE87E4C00E2B317 /* Main.storyboard */ = {
			isa = PBXVariantGroup;
			children = (
				6E576C681DE87E4C00E2B317 /* Base */,
			);
			name = Main.storyboard;
			sourceTree = "<group>";
		};
		6E576C6C1DE87E4C00E2B317 /* LaunchScreen.storyboard */ = {
			isa = PBXVariantGroup;
			children = (
				6E576C6D1DE87E4C00E2B317 /* Base */,
			);
			name = LaunchScreen.storyboard;
			sourceTree = "<group>";
		};
		6E94CF0A1DEC49AF00B5F2B9 /* MainInterface.storyboard */ = {
			isa = PBXVariantGroup;
			children = (
				6E94CF0B1DEC49AF00B5F2B9 /* Base */,
			);
			name = MainInterface.storyboard;
			sourceTree = "<group>";
		};
/* End PBXVariantGroup section */

/* Begin XCBuildConfiguration section */
		6E576C861DE87E4C00E2B317 /* Debug */ = {
			isa = XCBuildConfiguration;
			buildSettings = {
				ALWAYS_SEARCH_USER_PATHS = NO;
				CLANG_ANALYZER_NONNULL = YES;
				CLANG_CXX_LANGUAGE_STANDARD = "gnu++0x";
				CLANG_CXX_LIBRARY = "libc++";
				CLANG_ENABLE_MODULES = YES;
				CLANG_ENABLE_OBJC_ARC = YES;
				CLANG_WARN_BOOL_CONVERSION = YES;
				CLANG_WARN_CONSTANT_CONVERSION = YES;
				CLANG_WARN_DIRECT_OBJC_ISA_USAGE = YES_ERROR;
				CLANG_WARN_DOCUMENTATION_COMMENTS = YES;
				CLANG_WARN_EMPTY_BODY = YES;
				CLANG_WARN_ENUM_CONVERSION = YES;
				CLANG_WARN_INFINITE_RECURSION = YES;
				CLANG_WARN_INT_CONVERSION = YES;
				CLANG_WARN_OBJC_ROOT_CLASS = YES_ERROR;
				CLANG_WARN_SUSPICIOUS_MOVES = YES;
				CLANG_WARN_UNREACHABLE_CODE = YES;
				CLANG_WARN__DUPLICATE_METHOD_MATCH = YES;
				"CODE_SIGN_IDENTITY[sdk=iphoneos*]" = "iPhone Developer";
				COPY_PHASE_STRIP = NO;
				DEBUG_INFORMATION_FORMAT = dwarf;
				ENABLE_STRICT_OBJC_MSGSEND = YES;
				ENABLE_TESTABILITY = YES;
				GCC_C_LANGUAGE_STANDARD = gnu99;
				GCC_DYNAMIC_NO_PIC = NO;
				GCC_NO_COMMON_BLOCKS = YES;
				GCC_OPTIMIZATION_LEVEL = 0;
				GCC_PREPROCESSOR_DEFINITIONS = (
					"DEBUG=1",
					"$(inherited)",
				);
				GCC_WARN_64_TO_32_BIT_CONVERSION = YES;
				GCC_WARN_ABOUT_RETURN_TYPE = YES_ERROR;
				GCC_WARN_UNDECLARED_SELECTOR = YES;
				GCC_WARN_UNINITIALIZED_AUTOS = YES_AGGRESSIVE;
				GCC_WARN_UNUSED_FUNCTION = YES;
				GCC_WARN_UNUSED_VARIABLE = YES;
				IPHONEOS_DEPLOYMENT_TARGET = 10.1;
				MTL_ENABLE_DEBUG_INFO = YES;
				ONLY_ACTIVE_ARCH = YES;
				SDKROOT = iphoneos;
				SWIFT_ACTIVE_COMPILATION_CONDITIONS = DEBUG;
				SWIFT_OPTIMIZATION_LEVEL = "-Onone";
			};
			name = Debug;
		};
		6E576C871DE87E4C00E2B317 /* Release */ = {
			isa = XCBuildConfiguration;
			buildSettings = {
				ALWAYS_SEARCH_USER_PATHS = NO;
				CLANG_ANALYZER_NONNULL = YES;
				CLANG_CXX_LANGUAGE_STANDARD = "gnu++0x";
				CLANG_CXX_LIBRARY = "libc++";
				CLANG_ENABLE_MODULES = YES;
				CLANG_ENABLE_OBJC_ARC = YES;
				CLANG_WARN_BOOL_CONVERSION = YES;
				CLANG_WARN_CONSTANT_CONVERSION = YES;
				CLANG_WARN_DIRECT_OBJC_ISA_USAGE = YES_ERROR;
				CLANG_WARN_DOCUMENTATION_COMMENTS = YES;
				CLANG_WARN_EMPTY_BODY = YES;
				CLANG_WARN_ENUM_CONVERSION = YES;
				CLANG_WARN_INFINITE_RECURSION = YES;
				CLANG_WARN_INT_CONVERSION = YES;
				CLANG_WARN_OBJC_ROOT_CLASS = YES_ERROR;
				CLANG_WARN_SUSPICIOUS_MOVES = YES;
				CLANG_WARN_UNREACHABLE_CODE = YES;
				CLANG_WARN__DUPLICATE_METHOD_MATCH = YES;
				"CODE_SIGN_IDENTITY[sdk=iphoneos*]" = "iPhone Developer";
				COPY_PHASE_STRIP = NO;
				DEBUG_INFORMATION_FORMAT = "dwarf-with-dsym";
				ENABLE_NS_ASSERTIONS = NO;
				ENABLE_STRICT_OBJC_MSGSEND = YES;
				GCC_C_LANGUAGE_STANDARD = gnu99;
				GCC_NO_COMMON_BLOCKS = YES;
				GCC_WARN_64_TO_32_BIT_CONVERSION = YES;
				GCC_WARN_ABOUT_RETURN_TYPE = YES_ERROR;
				GCC_WARN_UNDECLARED_SELECTOR = YES;
				GCC_WARN_UNINITIALIZED_AUTOS = YES_AGGRESSIVE;
				GCC_WARN_UNUSED_FUNCTION = YES;
				GCC_WARN_UNUSED_VARIABLE = YES;
				IPHONEOS_DEPLOYMENT_TARGET = 10.1;
				MTL_ENABLE_DEBUG_INFO = NO;
				SDKROOT = iphoneos;
				SWIFT_OPTIMIZATION_LEVEL = "-Owholemodule";
				VALIDATE_PRODUCT = YES;
			};
			name = Release;
		};
		6E576C891DE87E4C00E2B317 /* Debug */ = {
			isa = XCBuildConfiguration;
			buildSettings = {
				ALWAYS_EMBED_SWIFT_STANDARD_LIBRARIES = YES;
				ASSETCATALOG_COMPILER_APPICON_NAME = AppIcon;
				DEVELOPMENT_TEAM = 95YHHS8BGP;
				INFOPLIST_FILE = Photo/Info.plist;
				LD_RUNPATH_SEARCH_PATHS = "$(inherited) @executable_path/Frameworks";
				PRODUCT_BUNDLE_IDENTIFIER = com.decube.test.Photo;
				PRODUCT_NAME = "$(TARGET_NAME)";
				SWIFT_VERSION = 3.0;
			};
			name = Debug;
		};
		6E576C8A1DE87E4C00E2B317 /* Release */ = {
			isa = XCBuildConfiguration;
			buildSettings = {
				ALWAYS_EMBED_SWIFT_STANDARD_LIBRARIES = YES;
				ASSETCATALOG_COMPILER_APPICON_NAME = AppIcon;
				DEVELOPMENT_TEAM = 95YHHS8BGP;
				INFOPLIST_FILE = Photo/Info.plist;
				LD_RUNPATH_SEARCH_PATHS = "$(inherited) @executable_path/Frameworks";
				PRODUCT_BUNDLE_IDENTIFIER = com.decube.test.Photo;
				PRODUCT_NAME = "$(TARGET_NAME)";
				SWIFT_VERSION = 3.0;
			};
			name = Release;
		};
		6E576C8C1DE87E4C00E2B317 /* Debug */ = {
			isa = XCBuildConfiguration;
			buildSettings = {
				ALWAYS_EMBED_SWIFT_STANDARD_LIBRARIES = YES;
				BUNDLE_LOADER = "$(TEST_HOST)";
				DEVELOPMENT_TEAM = 95YHHS8BGP;
				INFOPLIST_FILE = PhotoTests/Info.plist;
				LD_RUNPATH_SEARCH_PATHS = "$(inherited) @executable_path/Frameworks @loader_path/Frameworks";
				PRODUCT_BUNDLE_IDENTIFIER = com.decube.test.PhotoTests;
				PRODUCT_NAME = "$(TARGET_NAME)";
				SWIFT_VERSION = 3.0;
				TEST_HOST = "$(BUILT_PRODUCTS_DIR)/Photo.app/Photo";
			};
			name = Debug;
		};
		6E576C8D1DE87E4C00E2B317 /* Release */ = {
			isa = XCBuildConfiguration;
			buildSettings = {
				ALWAYS_EMBED_SWIFT_STANDARD_LIBRARIES = YES;
				BUNDLE_LOADER = "$(TEST_HOST)";
				DEVELOPMENT_TEAM = 95YHHS8BGP;
				INFOPLIST_FILE = PhotoTests/Info.plist;
				LD_RUNPATH_SEARCH_PATHS = "$(inherited) @executable_path/Frameworks @loader_path/Frameworks";
				PRODUCT_BUNDLE_IDENTIFIER = com.decube.test.PhotoTests;
				PRODUCT_NAME = "$(TARGET_NAME)";
				SWIFT_VERSION = 3.0;
				TEST_HOST = "$(BUILT_PRODUCTS_DIR)/Photo.app/Photo";
			};
			name = Release;
		};
		6E576C8F1DE87E4C00E2B317 /* Debug */ = {
			isa = XCBuildConfiguration;
			buildSettings = {
				ALWAYS_EMBED_SWIFT_STANDARD_LIBRARIES = YES;
				DEVELOPMENT_TEAM = 95YHHS8BGP;
				INFOPLIST_FILE = PhotoUITests/Info.plist;
				LD_RUNPATH_SEARCH_PATHS = "$(inherited) @executable_path/Frameworks @loader_path/Frameworks";
				PRODUCT_BUNDLE_IDENTIFIER = com.decube.test.PhotoUITests;
				PRODUCT_NAME = "$(TARGET_NAME)";
				SWIFT_VERSION = 3.0;
				TEST_TARGET_NAME = Photo;
			};
			name = Debug;
		};
		6E576C901DE87E4C00E2B317 /* Release */ = {
			isa = XCBuildConfiguration;
			buildSettings = {
				ALWAYS_EMBED_SWIFT_STANDARD_LIBRARIES = YES;
				DEVELOPMENT_TEAM = 95YHHS8BGP;
				INFOPLIST_FILE = PhotoUITests/Info.plist;
				LD_RUNPATH_SEARCH_PATHS = "$(inherited) @executable_path/Frameworks @loader_path/Frameworks";
				PRODUCT_BUNDLE_IDENTIFIER = com.decube.test.PhotoUITests;
				PRODUCT_NAME = "$(TARGET_NAME)";
				SWIFT_VERSION = 3.0;
				TEST_TARGET_NAME = Photo;
			};
			name = Release;
		};
		6E94CF121DEC49AF00B5F2B9 /* Debug */ = {
			isa = XCBuildConfiguration;
			buildSettings = {
				DEVELOPMENT_TEAM = 95YHHS8BGP;
				INFOPLIST_FILE = ApplyEffect/Info.plist;
				LD_RUNPATH_SEARCH_PATHS = "$(inherited) @executable_path/Frameworks @executable_path/../../Frameworks";
				PRODUCT_BUNDLE_IDENTIFIER = com.decube.test.Photo.ApplyEffect;
				PRODUCT_NAME = "$(TARGET_NAME)";
				SKIP_INSTALL = YES;
				SWIFT_VERSION = 3.0;
			};
			name = Debug;
		};
		6E94CF131DEC49AF00B5F2B9 /* Release */ = {
			isa = XCBuildConfiguration;
			buildSettings = {
				DEVELOPMENT_TEAM = 95YHHS8BGP;
				INFOPLIST_FILE = ApplyEffect/Info.plist;
				LD_RUNPATH_SEARCH_PATHS = "$(inherited) @executable_path/Frameworks @executable_path/../../Frameworks";
				PRODUCT_BUNDLE_IDENTIFIER = com.decube.test.Photo.ApplyEffect;
				PRODUCT_NAME = "$(TARGET_NAME)";
				SKIP_INSTALL = YES;
				SWIFT_VERSION = 3.0;
			};
			name = Release;
		};
/* End XCBuildConfiguration section */

/* Begin XCConfigurationList section */
		6E576C5B1DE87E4C00E2B317 /* Build configuration list for PBXProject "Photo" */ = {
			isa = XCConfigurationList;
			buildConfigurations = (
				6E576C861DE87E4C00E2B317 /* Debug */,
				6E576C871DE87E4C00E2B317 /* Release */,
			);
			defaultConfigurationIsVisible = 0;
			defaultConfigurationName = Release;
		};
		6E576C881DE87E4C00E2B317 /* Build configuration list for PBXNativeTarget "Photo" */ = {
			isa = XCConfigurationList;
			buildConfigurations = (
				6E576C891DE87E4C00E2B317 /* Debug */,
				6E576C8A1DE87E4C00E2B317 /* Release */,
			);
			defaultConfigurationIsVisible = 0;
			defaultConfigurationName = Release;
		};
		6E576C8B1DE87E4C00E2B317 /* Build configuration list for PBXNativeTarget "PhotoTests" */ = {
			isa = XCConfigurationList;
			buildConfigurations = (
				6E576C8C1DE87E4C00E2B317 /* Debug */,
				6E576C8D1DE87E4C00E2B317 /* Release */,
			);
			defaultConfigurationIsVisible = 0;
			defaultConfigurationName = Release;
		};
		6E576C8E1DE87E4C00E2B317 /* Build configuration list for PBXNativeTarget "PhotoUITests" */ = {
			isa = XCConfigurationList;
			buildConfigurations = (
				6E576C8F1DE87E4C00E2B317 /* Debug */,
				6E576C901DE87E4C00E2B317 /* Release */,
			);
			defaultConfigurationIsVisible = 0;
			defaultConfigurationName = Release;
		};
		6E94CF111DEC49AF00B5F2B9 /* Build configuration list for PBXNativeTarget "ApplyEffect" */ = {
			isa = XCConfigurationList;
			buildConfigurations = (
				6E94CF121DEC49AF00B5F2B9 /* Debug */,
				6E94CF131DEC49AF00B5F2B9 /* Release */,
			);
			defaultConfigurationIsVisible = 0;
		};
/* End XCConfigurationList section */
	};
	rootObject = 6E576C581DE87E4C00E2B317 /* Project object */;
}
