// !$*UTF8*$!
{
	archiveVersion = 1;
	classes = {
	};
	objectVersion = 46;
	objects = {

/* Begin PBXBuildFile section */
		30E2050B82DA4425C7E86407 /* Pods_Search.framework in Frameworks */ = {isa = PBXBuildFile; fileRef = 1DAE9C259197F103DE695FF5 /* Pods_Search.framework */; };
		6E5D3D5BECC0AA01E39631AD /* Pods_SearchTests.framework in Frameworks */ = {isa = PBXBuildFile; fileRef = A0C88706391AD092ED545659 /* Pods_SearchTests.framework */; };
		6E68D4901E445C0100A6D21E /* AppDelegate.swift in Sources */ = {isa = PBXBuildFile; fileRef = 6E68D48F1E445C0100A6D21E /* AppDelegate.swift */; };
		6E68D4921E445C0100A6D21E /* ListViewController.swift in Sources */ = {isa = PBXBuildFile; fileRef = 6E68D4911E445C0100A6D21E /* ListViewController.swift */; };
		6E68D4951E445C0100A6D21E /* Main.storyboard in Resources */ = {isa = PBXBuildFile; fileRef = 6E68D4931E445C0100A6D21E /* Main.storyboard */; };
		6E68D4981E445C0100A6D21E /* Search.xcdatamodeld in Sources */ = {isa = PBXBuildFile; fileRef = 6E68D4961E445C0100A6D21E /* Search.xcdatamodeld */; };
		6E68D49A1E445C0100A6D21E /* Assets.xcassets in Resources */ = {isa = PBXBuildFile; fileRef = 6E68D4991E445C0100A6D21E /* Assets.xcassets */; };
		6E68D49D1E445C0100A6D21E /* LaunchScreen.storyboard in Resources */ = {isa = PBXBuildFile; fileRef = 6E68D49B1E445C0100A6D21E /* LaunchScreen.storyboard */; };
		6E68D4A81E445C0100A6D21E /* SearchTests.swift in Sources */ = {isa = PBXBuildFile; fileRef = 6E68D4A71E445C0100A6D21E /* SearchTests.swift */; };
		6E68D4B31E445C0100A6D21E /* SearchUITests.swift in Sources */ = {isa = PBXBuildFile; fileRef = 6E68D4B21E445C0100A6D21E /* SearchUITests.swift */; };
		6E68D4CB1E44684800A6D21E /* Setting.storyboard in Resources */ = {isa = PBXBuildFile; fileRef = 6E68D4CA1E44684800A6D21E /* Setting.storyboard */; };
		6E68D4CD1E44735100A6D21E /* ListPageViewController.swift in Sources */ = {isa = PBXBuildFile; fileRef = 6E68D4CC1E44735100A6D21E /* ListPageViewController.swift */; };
		6E68D4CF1E447B0500A6D21E /* SearchViewController.swift in Sources */ = {isa = PBXBuildFile; fileRef = 6E68D4CE1E447B0500A6D21E /* SearchViewController.swift */; };
		6E68D4D11E447D6700A6D21E /* SearchTableCell.swift in Sources */ = {isa = PBXBuildFile; fileRef = 6E68D4D01E447D6700A6D21E /* SearchTableCell.swift */; };
		6E68D4D31E44808600A6D21E /* GoodsVO.swift in Sources */ = {isa = PBXBuildFile; fileRef = 6E68D4D21E44808600A6D21E /* GoodsVO.swift */; };
		6E68D4D51E44A12B00A6D21E /* SearchCollectionCell.swift in Sources */ = {isa = PBXBuildFile; fileRef = 6E68D4D41E44A12B00A6D21E /* SearchCollectionCell.swift */; };
		7303031D9EF07078B4284E21 /* Pods_SearchUITests.framework in Frameworks */ = {isa = PBXBuildFile; fileRef = D50D616BC07AD10F91F3D569 /* Pods_SearchUITests.framework */; };
/* End PBXBuildFile section */

/* Begin PBXContainerItemProxy section */
		6E68D4A41E445C0100A6D21E /* PBXContainerItemProxy */ = {
			isa = PBXContainerItemProxy;
			containerPortal = 6E68D4841E445C0100A6D21E /* Project object */;
			proxyType = 1;
			remoteGlobalIDString = 6E68D48B1E445C0100A6D21E;
			remoteInfo = Search;
		};
		6E68D4AF1E445C0100A6D21E /* PBXContainerItemProxy */ = {
			isa = PBXContainerItemProxy;
			containerPortal = 6E68D4841E445C0100A6D21E /* Project object */;
			proxyType = 1;
			remoteGlobalIDString = 6E68D48B1E445C0100A6D21E;
			remoteInfo = Search;
		};
/* End PBXContainerItemProxy section */

/* Begin PBXFileReference section */
		0445933B73D4D8321455A635 /* Pods-SearchTests.release.xcconfig */ = {isa = PBXFileReference; includeInIndex = 1; lastKnownFileType = text.xcconfig; name = "Pods-SearchTests.release.xcconfig"; path = "Pods/Target Support Files/Pods-SearchTests/Pods-SearchTests.release.xcconfig"; sourceTree = "<group>"; };
		05E9207AC4A679D604B6B2C0 /* Pods-Search.release.xcconfig */ = {isa = PBXFileReference; includeInIndex = 1; lastKnownFileType = text.xcconfig; name = "Pods-Search.release.xcconfig"; path = "Pods/Target Support Files/Pods-Search/Pods-Search.release.xcconfig"; sourceTree = "<group>"; };
		1DAE9C259197F103DE695FF5 /* Pods_Search.framework */ = {isa = PBXFileReference; explicitFileType = wrapper.framework; includeInIndex = 0; path = Pods_Search.framework; sourceTree = BUILT_PRODUCTS_DIR; };
		2A3D933BAABF3D83F25021F0 /* Pods-SearchUITests.debug.xcconfig */ = {isa = PBXFileReference; includeInIndex = 1; lastKnownFileType = text.xcconfig; name = "Pods-SearchUITests.debug.xcconfig"; path = "Pods/Target Support Files/Pods-SearchUITests/Pods-SearchUITests.debug.xcconfig"; sourceTree = "<group>"; };
		6E68D48C1E445C0100A6D21E /* Search.app */ = {isa = PBXFileReference; explicitFileType = wrapper.application; includeInIndex = 0; path = Search.app; sourceTree = BUILT_PRODUCTS_DIR; };
		6E68D48F1E445C0100A6D21E /* AppDelegate.swift */ = {isa = PBXFileReference; lastKnownFileType = sourcecode.swift; path = AppDelegate.swift; sourceTree = "<group>"; };
		6E68D4911E445C0100A6D21E /* ListViewController.swift */ = {isa = PBXFileReference; lastKnownFileType = sourcecode.swift; path = ListViewController.swift; sourceTree = "<group>"; };
		6E68D4941E445C0100A6D21E /* Base */ = {isa = PBXFileReference; lastKnownFileType = file.storyboard; name = Base; path = Base.lproj/Main.storyboard; sourceTree = "<group>"; };
		6E68D4971E445C0100A6D21E /* Search.xcdatamodel */ = {isa = PBXFileReference; lastKnownFileType = wrapper.xcdatamodel; path = Search.xcdatamodel; sourceTree = "<group>"; };
		6E68D4991E445C0100A6D21E /* Assets.xcassets */ = {isa = PBXFileReference; lastKnownFileType = folder.assetcatalog; path = Assets.xcassets; sourceTree = "<group>"; };
		6E68D49C1E445C0100A6D21E /* Base */ = {isa = PBXFileReference; lastKnownFileType = file.storyboard; name = Base; path = Base.lproj/LaunchScreen.storyboard; sourceTree = "<group>"; };
		6E68D49E1E445C0100A6D21E /* Info.plist */ = {isa = PBXFileReference; lastKnownFileType = text.plist.xml; path = Info.plist; sourceTree = "<group>"; };
		6E68D4A31E445C0100A6D21E /* SearchTests.xctest */ = {isa = PBXFileReference; explicitFileType = wrapper.cfbundle; includeInIndex = 0; path = SearchTests.xctest; sourceTree = BUILT_PRODUCTS_DIR; };
		6E68D4A71E445C0100A6D21E /* SearchTests.swift */ = {isa = PBXFileReference; lastKnownFileType = sourcecode.swift; path = SearchTests.swift; sourceTree = "<group>"; };
		6E68D4A91E445C0100A6D21E /* Info.plist */ = {isa = PBXFileReference; lastKnownFileType = text.plist.xml; path = Info.plist; sourceTree = "<group>"; };
		6E68D4AE1E445C0100A6D21E /* SearchUITests.xctest */ = {isa = PBXFileReference; explicitFileType = wrapper.cfbundle; includeInIndex = 0; path = SearchUITests.xctest; sourceTree = BUILT_PRODUCTS_DIR; };
		6E68D4B21E445C0100A6D21E /* SearchUITests.swift */ = {isa = PBXFileReference; lastKnownFileType = sourcecode.swift; path = SearchUITests.swift; sourceTree = "<group>"; };
		6E68D4B41E445C0100A6D21E /* Info.plist */ = {isa = PBXFileReference; lastKnownFileType = text.plist.xml; path = Info.plist; sourceTree = "<group>"; };
		6E68D4CA1E44684800A6D21E /* Setting.storyboard */ = {isa = PBXFileReference; fileEncoding = 4; lastKnownFileType = file.storyboard; path = Setting.storyboard; sourceTree = "<group>"; };
		6E68D4CC1E44735100A6D21E /* ListPageViewController.swift */ = {isa = PBXFileReference; fileEncoding = 4; lastKnownFileType = sourcecode.swift; path = ListPageViewController.swift; sourceTree = "<group>"; };
		6E68D4CE1E447B0500A6D21E /* SearchViewController.swift */ = {isa = PBXFileReference; fileEncoding = 4; lastKnownFileType = sourcecode.swift; path = SearchViewController.swift; sourceTree = "<group>"; };
		6E68D4D01E447D6700A6D21E /* SearchTableCell.swift */ = {isa = PBXFileReference; fileEncoding = 4; lastKnownFileType = sourcecode.swift; path = SearchTableCell.swift; sourceTree = "<group>"; };
		6E68D4D21E44808600A6D21E /* GoodsVO.swift */ = {isa = PBXFileReference; fileEncoding = 4; lastKnownFileType = sourcecode.swift; path = GoodsVO.swift; sourceTree = "<group>"; };
		6E68D4D41E44A12B00A6D21E /* SearchCollectionCell.swift */ = {isa = PBXFileReference; fileEncoding = 4; lastKnownFileType = sourcecode.swift; path = SearchCollectionCell.swift; sourceTree = "<group>"; };
		A0C88706391AD092ED545659 /* Pods_SearchTests.framework */ = {isa = PBXFileReference; explicitFileType = wrapper.framework; includeInIndex = 0; path = Pods_SearchTests.framework; sourceTree = BUILT_PRODUCTS_DIR; };
		B1290DE24A522B98F329DB93 /* Pods-SearchUITests.release.xcconfig */ = {isa = PBXFileReference; includeInIndex = 1; lastKnownFileType = text.xcconfig; name = "Pods-SearchUITests.release.xcconfig"; path = "Pods/Target Support Files/Pods-SearchUITests/Pods-SearchUITests.release.xcconfig"; sourceTree = "<group>"; };
		D50D616BC07AD10F91F3D569 /* Pods_SearchUITests.framework */ = {isa = PBXFileReference; explicitFileType = wrapper.framework; includeInIndex = 0; path = Pods_SearchUITests.framework; sourceTree = BUILT_PRODUCTS_DIR; };
		D54553EB998925F6556D8CEE /* Pods-Search.debug.xcconfig */ = {isa = PBXFileReference; includeInIndex = 1; lastKnownFileType = text.xcconfig; name = "Pods-Search.debug.xcconfig"; path = "Pods/Target Support Files/Pods-Search/Pods-Search.debug.xcconfig"; sourceTree = "<group>"; };
		D8B604F0C138B57A7FEA20CC /* Pods-SearchTests.debug.xcconfig */ = {isa = PBXFileReference; includeInIndex = 1; lastKnownFileType = text.xcconfig; name = "Pods-SearchTests.debug.xcconfig"; path = "Pods/Target Support Files/Pods-SearchTests/Pods-SearchTests.debug.xcconfig"; sourceTree = "<group>"; };
/* End PBXFileReference section */

/* Begin PBXFrameworksBuildPhase section */
		6E68D4891E445C0100A6D21E /* Frameworks */ = {
			isa = PBXFrameworksBuildPhase;
			buildActionMask = 2147483647;
			files = (
				30E2050B82DA4425C7E86407 /* Pods_Search.framework in Frameworks */,
			);
			runOnlyForDeploymentPostprocessing = 0;
		};
		6E68D4A01E445C0100A6D21E /* Frameworks */ = {
			isa = PBXFrameworksBuildPhase;
			buildActionMask = 2147483647;
			files = (
				6E5D3D5BECC0AA01E39631AD /* Pods_SearchTests.framework in Frameworks */,
			);
			runOnlyForDeploymentPostprocessing = 0;
		};
		6E68D4AB1E445C0100A6D21E /* Frameworks */ = {
			isa = PBXFrameworksBuildPhase;
			buildActionMask = 2147483647;
			files = (
				7303031D9EF07078B4284E21 /* Pods_SearchUITests.framework in Frameworks */,
			);
			runOnlyForDeploymentPostprocessing = 0;
		};
/* End PBXFrameworksBuildPhase section */

/* Begin PBXGroup section */
		6E68D4831E445C0100A6D21E = {
			isa = PBXGroup;
			children = (
				6E68D48E1E445C0100A6D21E /* Search */,
				6E68D4A61E445C0100A6D21E /* SearchTests */,
				6E68D4B11E445C0100A6D21E /* SearchUITests */,
				6E68D48D1E445C0100A6D21E /* Products */,
				8669A82DCDA81443DAB0A299 /* Pods */,
				76F07081B3643477DFA3B639 /* Frameworks */,
			);
			sourceTree = "<group>";
		};
		6E68D48D1E445C0100A6D21E /* Products */ = {
			isa = PBXGroup;
			children = (
				6E68D48C1E445C0100A6D21E /* Search.app */,
				6E68D4A31E445C0100A6D21E /* SearchTests.xctest */,
				6E68D4AE1E445C0100A6D21E /* SearchUITests.xctest */,
			);
			name = Products;
			sourceTree = "<group>";
		};
		6E68D48E1E445C0100A6D21E /* Search */ = {
			isa = PBXGroup;
			children = (
				6E68D48F1E445C0100A6D21E /* AppDelegate.swift */,
				6E68D4C71E445C5B00A6D21E /* Model */,
				6E68D4C31E445C4C00A6D21E /* Common */,
				6E68D4C21E445C4700A6D21E /* Controllers */,
				6E68D4C11E445C4200A6D21E /* Storyboard */,
				6E68D4C01E445C3A00A6D21E /* Supporting Files */,
				6E68D4931E445C0100A6D21E /* Main.storyboard */,
				6E68D49B1E445C0100A6D21E /* LaunchScreen.storyboard */,
				6E68D4991E445C0100A6D21E /* Assets.xcassets */,
			);
			path = Search;
			sourceTree = "<group>";
		};
		6E68D4A61E445C0100A6D21E /* SearchTests */ = {
			isa = PBXGroup;
			children = (
				6E68D4A71E445C0100A6D21E /* SearchTests.swift */,
				6E68D4A91E445C0100A6D21E /* Info.plist */,
			);
			path = SearchTests;
			sourceTree = "<group>";
		};
		6E68D4B11E445C0100A6D21E /* SearchUITests */ = {
			isa = PBXGroup;
			children = (
				6E68D4B21E445C0100A6D21E /* SearchUITests.swift */,
				6E68D4B41E445C0100A6D21E /* Info.plist */,
			);
			path = SearchUITests;
			sourceTree = "<group>";
		};
		6E68D4C01E445C3A00A6D21E /* Supporting Files */ = {
			isa = PBXGroup;
			children = (
				6E68D49E1E445C0100A6D21E /* Info.plist */,
				6E68D4961E445C0100A6D21E /* Search.xcdatamodeld */,
			);
			name = "Supporting Files";
			sourceTree = "<group>";
		};
		6E68D4C11E445C4200A6D21E /* Storyboard */ = {
			isa = PBXGroup;
			children = (
				6E68D4CA1E44684800A6D21E /* Setting.storyboard */,
			);
			name = Storyboard;
			sourceTree = "<group>";
		};
		6E68D4C21E445C4700A6D21E /* Controllers */ = {
			isa = PBXGroup;
			children = (
				6E68D4911E445C0100A6D21E /* ListViewController.swift */,
				6E68D4CC1E44735100A6D21E /* ListPageViewController.swift */,
				6E68D4CE1E447B0500A6D21E /* SearchViewController.swift */,
			);
			name = Controllers;
			sourceTree = "<group>";
		};
		6E68D4C31E445C4C00A6D21E /* Common */ = {
			isa = PBXGroup;
			children = (
				6E68D4C61E445C5800A6D21E /* Views */,
				6E68D4C51E445C5400A6D21E /* Cells */,
				6E68D4C41E445C5000A6D21E /* Custom */,
			);
			name = Common;
			sourceTree = "<group>";
		};
		6E68D4C41E445C5000A6D21E /* Custom */ = {
			isa = PBXGroup;
			children = (
			);
			name = Custom;
			sourceTree = "<group>";
		};
		6E68D4C51E445C5400A6D21E /* Cells */ = {
			isa = PBXGroup;
			children = (
				6E68D4D01E447D6700A6D21E /* SearchTableCell.swift */,
				6E68D4D41E44A12B00A6D21E /* SearchCollectionCell.swift */,
			);
			name = Cells;
			sourceTree = "<group>";
		};
		6E68D4C61E445C5800A6D21E /* Views */ = {
			isa = PBXGroup;
			children = (
			);
			name = Views;
			sourceTree = "<group>";
		};
		6E68D4C71E445C5B00A6D21E /* Model */ = {
			isa = PBXGroup;
			children = (
				6E68D4D21E44808600A6D21E /* GoodsVO.swift */,
			);
			name = Model;
			sourceTree = "<group>";
		};
		76F07081B3643477DFA3B639 /* Frameworks */ = {
			isa = PBXGroup;
			children = (
				1DAE9C259197F103DE695FF5 /* Pods_Search.framework */,
				A0C88706391AD092ED545659 /* Pods_SearchTests.framework */,
				D50D616BC07AD10F91F3D569 /* Pods_SearchUITests.framework */,
			);
			name = Frameworks;
			sourceTree = "<group>";
		};
		8669A82DCDA81443DAB0A299 /* Pods */ = {
			isa = PBXGroup;
			children = (
				D54553EB998925F6556D8CEE /* Pods-Search.debug.xcconfig */,
				05E9207AC4A679D604B6B2C0 /* Pods-Search.release.xcconfig */,
				D8B604F0C138B57A7FEA20CC /* Pods-SearchTests.debug.xcconfig */,
				0445933B73D4D8321455A635 /* Pods-SearchTests.release.xcconfig */,
				2A3D933BAABF3D83F25021F0 /* Pods-SearchUITests.debug.xcconfig */,
				B1290DE24A522B98F329DB93 /* Pods-SearchUITests.release.xcconfig */,
			);
			name = Pods;
			sourceTree = "<group>";
		};
/* End PBXGroup section */

/* Begin PBXNativeTarget section */
		6E68D48B1E445C0100A6D21E /* Search */ = {
			isa = PBXNativeTarget;
			buildConfigurationList = 6E68D4B71E445C0100A6D21E /* Build configuration list for PBXNativeTarget "Search" */;
			buildPhases = (
				D2B65DEF2BE36B4E601FEAA1 /* [CP] Check Pods Manifest.lock */,
				6E68D4881E445C0100A6D21E /* Sources */,
				6E68D4891E445C0100A6D21E /* Frameworks */,
				6E68D48A1E445C0100A6D21E /* Resources */,
				EE2BB6D1704ECB1BE192F695 /* [CP] Embed Pods Frameworks */,
				F335F52A69162BB14F45C239 /* [CP] Copy Pods Resources */,
			);
			buildRules = (
			);
			dependencies = (
			);
			name = Search;
			productName = Search;
			productReference = 6E68D48C1E445C0100A6D21E /* Search.app */;
			productType = "com.apple.product-type.application";
		};
		6E68D4A21E445C0100A6D21E /* SearchTests */ = {
			isa = PBXNativeTarget;
			buildConfigurationList = 6E68D4BA1E445C0100A6D21E /* Build configuration list for PBXNativeTarget "SearchTests" */;
			buildPhases = (
				2EC5BC1AA74D5FF163738F5F /* [CP] Check Pods Manifest.lock */,
				6E68D49F1E445C0100A6D21E /* Sources */,
				6E68D4A01E445C0100A6D21E /* Frameworks */,
				6E68D4A11E445C0100A6D21E /* Resources */,
				BC02D610CD258BF5A2DBBBD5 /* [CP] Embed Pods Frameworks */,
				79B8DA5C60385F973188D366 /* [CP] Copy Pods Resources */,
			);
			buildRules = (
			);
			dependencies = (
				6E68D4A51E445C0100A6D21E /* PBXTargetDependency */,
			);
			name = SearchTests;
			productName = SearchTests;
			productReference = 6E68D4A31E445C0100A6D21E /* SearchTests.xctest */;
			productType = "com.apple.product-type.bundle.unit-test";
		};
		6E68D4AD1E445C0100A6D21E /* SearchUITests */ = {
			isa = PBXNativeTarget;
			buildConfigurationList = 6E68D4BD1E445C0100A6D21E /* Build configuration list for PBXNativeTarget "SearchUITests" */;
			buildPhases = (
				F99DEE8576FEDD489CC8FEE4 /* [CP] Check Pods Manifest.lock */,
				6E68D4AA1E445C0100A6D21E /* Sources */,
				6E68D4AB1E445C0100A6D21E /* Frameworks */,
				6E68D4AC1E445C0100A6D21E /* Resources */,
				12ED3B9A7A4CE0ED9C15C43E /* [CP] Embed Pods Frameworks */,
				550903821FE2CE8F2C80FCA2 /* [CP] Copy Pods Resources */,
			);
			buildRules = (
			);
			dependencies = (
				6E68D4B01E445C0100A6D21E /* PBXTargetDependency */,
			);
			name = SearchUITests;
			productName = SearchUITests;
			productReference = 6E68D4AE1E445C0100A6D21E /* SearchUITests.xctest */;
			productType = "com.apple.product-type.bundle.ui-testing";
		};
/* End PBXNativeTarget section */

/* Begin PBXProject section */
		6E68D4841E445C0100A6D21E /* Project object */ = {
			isa = PBXProject;
			attributes = {
				LastSwiftUpdateCheck = 0820;
				LastUpgradeCheck = 0820;
				ORGANIZATIONNAME = guanho;
				TargetAttributes = {
					6E68D48B1E445C0100A6D21E = {
						CreatedOnToolsVersion = 8.2.1;
						DevelopmentTeam = 95YHHS8BGP;
						ProvisioningStyle = Automatic;
					};
					6E68D4A21E445C0100A6D21E = {
						CreatedOnToolsVersion = 8.2.1;
						DevelopmentTeam = 95YHHS8BGP;
						ProvisioningStyle = Automatic;
						TestTargetID = 6E68D48B1E445C0100A6D21E;
					};
					6E68D4AD1E445C0100A6D21E = {
						CreatedOnToolsVersion = 8.2.1;
						DevelopmentTeam = 95YHHS8BGP;
						ProvisioningStyle = Automatic;
						TestTargetID = 6E68D48B1E445C0100A6D21E;
					};
				};
			};
			buildConfigurationList = 6E68D4871E445C0100A6D21E /* Build configuration list for PBXProject "Search" */;
			compatibilityVersion = "Xcode 3.2";
			developmentRegion = English;
			hasScannedForEncodings = 0;
			knownRegions = (
				en,
				Base,
			);
			mainGroup = 6E68D4831E445C0100A6D21E;
			productRefGroup = 6E68D48D1E445C0100A6D21E /* Products */;
			projectDirPath = "";
			projectRoot = "";
			targets = (
				6E68D48B1E445C0100A6D21E /* Search */,
				6E68D4A21E445C0100A6D21E /* SearchTests */,
				6E68D4AD1E445C0100A6D21E /* SearchUITests */,
			);
		};
/* End PBXProject section */

/* Begin PBXResourcesBuildPhase section */
		6E68D48A1E445C0100A6D21E /* Resources */ = {
			isa = PBXResourcesBuildPhase;
			buildActionMask = 2147483647;
			files = (
				6E68D49D1E445C0100A6D21E /* LaunchScreen.storyboard in Resources */,
				6E68D49A1E445C0100A6D21E /* Assets.xcassets in Resources */,
				6E68D4CB1E44684800A6D21E /* Setting.storyboard in Resources */,
				6E68D4951E445C0100A6D21E /* Main.storyboard in Resources */,
			);
			runOnlyForDeploymentPostprocessing = 0;
		};
		6E68D4A11E445C0100A6D21E /* Resources */ = {
			isa = PBXResourcesBuildPhase;
			buildActionMask = 2147483647;
			files = (
			);
			runOnlyForDeploymentPostprocessing = 0;
		};
		6E68D4AC1E445C0100A6D21E /* Resources */ = {
			isa = PBXResourcesBuildPhase;
			buildActionMask = 2147483647;
			files = (
			);
			runOnlyForDeploymentPostprocessing = 0;
		};
/* End PBXResourcesBuildPhase section */

/* Begin PBXShellScriptBuildPhase section */
		12ED3B9A7A4CE0ED9C15C43E /* [CP] Embed Pods Frameworks */ = {
			isa = PBXShellScriptBuildPhase;
			buildActionMask = 2147483647;
			files = (
			);
			inputPaths = (
			);
			name = "[CP] Embed Pods Frameworks";
			outputPaths = (
			);
			runOnlyForDeploymentPostprocessing = 0;
			shellPath = /bin/sh;
			shellScript = "\"${SRCROOT}/Pods/Target Support Files/Pods-SearchUITests/Pods-SearchUITests-frameworks.sh\"\n";
			showEnvVarsInLog = 0;
		};
		2EC5BC1AA74D5FF163738F5F /* [CP] Check Pods Manifest.lock */ = {
			isa = PBXShellScriptBuildPhase;
			buildActionMask = 2147483647;
			files = (
			);
			inputPaths = (
			);
			name = "[CP] Check Pods Manifest.lock";
			outputPaths = (
			);
			runOnlyForDeploymentPostprocessing = 0;
			shellPath = /bin/sh;
			shellScript = "diff \"${PODS_ROOT}/../Podfile.lock\" \"${PODS_ROOT}/Manifest.lock\" > /dev/null\nif [ $? != 0 ] ; then\n    # print error to STDERR\n    echo \"error: The sandbox is not in sync with the Podfile.lock. Run 'pod install' or update your CocoaPods installation.\" >&2\n    exit 1\nfi\n";
			showEnvVarsInLog = 0;
		};
		550903821FE2CE8F2C80FCA2 /* [CP] Copy Pods Resources */ = {
			isa = PBXShellScriptBuildPhase;
			buildActionMask = 2147483647;
			files = (
			);
			inputPaths = (
			);
			name = "[CP] Copy Pods Resources";
			outputPaths = (
			);
			runOnlyForDeploymentPostprocessing = 0;
			shellPath = /bin/sh;
			shellScript = "\"${SRCROOT}/Pods/Target Support Files/Pods-SearchUITests/Pods-SearchUITests-resources.sh\"\n";
			showEnvVarsInLog = 0;
		};
		79B8DA5C60385F973188D366 /* [CP] Copy Pods Resources */ = {
			isa = PBXShellScriptBuildPhase;
			buildActionMask = 2147483647;
			files = (
			);
			inputPaths = (
			);
			name = "[CP] Copy Pods Resources";
			outputPaths = (
			);
			runOnlyForDeploymentPostprocessing = 0;
			shellPath = /bin/sh;
			shellScript = "\"${SRCROOT}/Pods/Target Support Files/Pods-SearchTests/Pods-SearchTests-resources.sh\"\n";
			showEnvVarsInLog = 0;
		};
		BC02D610CD258BF5A2DBBBD5 /* [CP] Embed Pods Frameworks */ = {
			isa = PBXShellScriptBuildPhase;
			buildActionMask = 2147483647;
			files = (
			);
			inputPaths = (
			);
			name = "[CP] Embed Pods Frameworks";
			outputPaths = (
			);
			runOnlyForDeploymentPostprocessing = 0;
			shellPath = /bin/sh;
			shellScript = "\"${SRCROOT}/Pods/Target Support Files/Pods-SearchTests/Pods-SearchTests-frameworks.sh\"\n";
			showEnvVarsInLog = 0;
		};
		D2B65DEF2BE36B4E601FEAA1 /* [CP] Check Pods Manifest.lock */ = {
			isa = PBXShellScriptBuildPhase;
			buildActionMask = 2147483647;
			files = (
			);
			inputPaths = (
			);
			name = "[CP] Check Pods Manifest.lock";
			outputPaths = (
			);
			runOnlyForDeploymentPostprocessing = 0;
			shellPath = /bin/sh;
			shellScript = "diff \"${PODS_ROOT}/../Podfile.lock\" \"${PODS_ROOT}/Manifest.lock\" > /dev/null\nif [ $? != 0 ] ; then\n    # print error to STDERR\n    echo \"error: The sandbox is not in sync with the Podfile.lock. Run 'pod install' or update your CocoaPods installation.\" >&2\n    exit 1\nfi\n";
			showEnvVarsInLog = 0;
		};
		EE2BB6D1704ECB1BE192F695 /* [CP] Embed Pods Frameworks */ = {
			isa = PBXShellScriptBuildPhase;
			buildActionMask = 2147483647;
			files = (
			);
			inputPaths = (
			);
			name = "[CP] Embed Pods Frameworks";
			outputPaths = (
			);
			runOnlyForDeploymentPostprocessing = 0;
			shellPath = /bin/sh;
			shellScript = "\"${SRCROOT}/Pods/Target Support Files/Pods-Search/Pods-Search-frameworks.sh\"\n";
			showEnvVarsInLog = 0;
		};
		F335F52A69162BB14F45C239 /* [CP] Copy Pods Resources */ = {
			isa = PBXShellScriptBuildPhase;
			buildActionMask = 2147483647;
			files = (
			);
			inputPaths = (
			);
			name = "[CP] Copy Pods Resources";
			outputPaths = (
			);
			runOnlyForDeploymentPostprocessing = 0;
			shellPath = /bin/sh;
			shellScript = "\"${SRCROOT}/Pods/Target Support Files/Pods-Search/Pods-Search-resources.sh\"\n";
			showEnvVarsInLog = 0;
		};
		F99DEE8576FEDD489CC8FEE4 /* [CP] Check Pods Manifest.lock */ = {
			isa = PBXShellScriptBuildPhase;
			buildActionMask = 2147483647;
			files = (
			);
			inputPaths = (
			);
			name = "[CP] Check Pods Manifest.lock";
			outputPaths = (
			);
			runOnlyForDeploymentPostprocessing = 0;
			shellPath = /bin/sh;
			shellScript = "diff \"${PODS_ROOT}/../Podfile.lock\" \"${PODS_ROOT}/Manifest.lock\" > /dev/null\nif [ $? != 0 ] ; then\n    # print error to STDERR\n    echo \"error: The sandbox is not in sync with the Podfile.lock. Run 'pod install' or update your CocoaPods installation.\" >&2\n    exit 1\nfi\n";
			showEnvVarsInLog = 0;
		};
/* End PBXShellScriptBuildPhase section */

/* Begin PBXSourcesBuildPhase section */
		6E68D4881E445C0100A6D21E /* Sources */ = {
			isa = PBXSourcesBuildPhase;
			buildActionMask = 2147483647;
			files = (
				6E68D4CF1E447B0500A6D21E /* SearchViewController.swift in Sources */,
				6E68D4981E445C0100A6D21E /* Search.xcdatamodeld in Sources */,
				6E68D4D11E447D6700A6D21E /* SearchTableCell.swift in Sources */,
				6E68D4921E445C0100A6D21E /* ListViewController.swift in Sources */,
				6E68D4901E445C0100A6D21E /* AppDelegate.swift in Sources */,
				6E68D4CD1E44735100A6D21E /* ListPageViewController.swift in Sources */,
				6E68D4D31E44808600A6D21E /* GoodsVO.swift in Sources */,
				6E68D4D51E44A12B00A6D21E /* SearchCollectionCell.swift in Sources */,
			);
			runOnlyForDeploymentPostprocessing = 0;
		};
		6E68D49F1E445C0100A6D21E /* Sources */ = {
			isa = PBXSourcesBuildPhase;
			buildActionMask = 2147483647;
			files = (
				6E68D4A81E445C0100A6D21E /* SearchTests.swift in Sources */,
			);
			runOnlyForDeploymentPostprocessing = 0;
		};
		6E68D4AA1E445C0100A6D21E /* Sources */ = {
			isa = PBXSourcesBuildPhase;
			buildActionMask = 2147483647;
			files = (
				6E68D4B31E445C0100A6D21E /* SearchUITests.swift in Sources */,
			);
			runOnlyForDeploymentPostprocessing = 0;
		};
/* End PBXSourcesBuildPhase section */

/* Begin PBXTargetDependency section */
		6E68D4A51E445C0100A6D21E /* PBXTargetDependency */ = {
			isa = PBXTargetDependency;
			target = 6E68D48B1E445C0100A6D21E /* Search */;
			targetProxy = 6E68D4A41E445C0100A6D21E /* PBXContainerItemProxy */;
		};
		6E68D4B01E445C0100A6D21E /* PBXTargetDependency */ = {
			isa = PBXTargetDependency;
			target = 6E68D48B1E445C0100A6D21E /* Search */;
			targetProxy = 6E68D4AF1E445C0100A6D21E /* PBXContainerItemProxy */;
		};
/* End PBXTargetDependency section */

/* Begin PBXVariantGroup section */
		6E68D4931E445C0100A6D21E /* Main.storyboard */ = {
			isa = PBXVariantGroup;
			children = (
				6E68D4941E445C0100A6D21E /* Base */,
			);
			name = Main.storyboard;
			sourceTree = "<group>";
		};
		6E68D49B1E445C0100A6D21E /* LaunchScreen.storyboard */ = {
			isa = PBXVariantGroup;
			children = (
				6E68D49C1E445C0100A6D21E /* Base */,
			);
			name = LaunchScreen.storyboard;
			sourceTree = "<group>";
		};
/* End PBXVariantGroup section */

/* Begin XCBuildConfiguration section */
		6E68D4B51E445C0100A6D21E /* Debug */ = {
			isa = XCBuildConfiguration;
			buildSettings = {
				ALWAYS_SEARCH_USER_PATHS = NO;
				CLANG_ANALYZER_NONNULL = YES;
				CLANG_CXX_LANGUAGE_STANDARD = "gnu++0x";
				CLANG_CXX_LIBRARY = "libc++";
				CLANG_ENABLE_MODULES = YES;
				CLANG_ENABLE_OBJC_ARC = YES;
				CLANG_WARN_BOOL_CONVERSION = YES;
				CLANG_WARN_CONSTANT_CONVERSION = YES;
				CLANG_WARN_DIRECT_OBJC_ISA_USAGE = YES_ERROR;
				CLANG_WARN_DOCUMENTATION_COMMENTS = YES;
				CLANG_WARN_EMPTY_BODY = YES;
				CLANG_WARN_ENUM_CONVERSION = YES;
				CLANG_WARN_INFINITE_RECURSION = YES;
				CLANG_WARN_INT_CONVERSION = YES;
				CLANG_WARN_OBJC_ROOT_CLASS = YES_ERROR;
				CLANG_WARN_SUSPICIOUS_MOVE = YES;
				CLANG_WARN_UNREACHABLE_CODE = YES;
				CLANG_WARN__DUPLICATE_METHOD_MATCH = YES;
				"CODE_SIGN_IDENTITY[sdk=iphoneos*]" = "iPhone Developer";
				COPY_PHASE_STRIP = NO;
				DEBUG_INFORMATION_FORMAT = dwarf;
				ENABLE_STRICT_OBJC_MSGSEND = YES;
				ENABLE_TESTABILITY = YES;
				GCC_C_LANGUAGE_STANDARD = gnu99;
				GCC_DYNAMIC_NO_PIC = NO;
				GCC_NO_COMMON_BLOCKS = YES;
				GCC_OPTIMIZATION_LEVEL = 0;
				GCC_PREPROCESSOR_DEFINITIONS = (
					"DEBUG=1",
					"$(inherited)",
				);
				GCC_WARN_64_TO_32_BIT_CONVERSION = YES;
				GCC_WARN_ABOUT_RETURN_TYPE = YES_ERROR;
				GCC_WARN_UNDECLARED_SELECTOR = YES;
				GCC_WARN_UNINITIALIZED_AUTOS = YES_AGGRESSIVE;
				GCC_WARN_UNUSED_FUNCTION = YES;
				GCC_WARN_UNUSED_VARIABLE = YES;
				IPHONEOS_DEPLOYMENT_TARGET = 10.2;
				MTL_ENABLE_DEBUG_INFO = YES;
				ONLY_ACTIVE_ARCH = YES;
				SDKROOT = iphoneos;
				SWIFT_ACTIVE_COMPILATION_CONDITIONS = DEBUG;
				SWIFT_OPTIMIZATION_LEVEL = "-Onone";
			};
			name = Debug;
		};
		6E68D4B61E445C0100A6D21E /* Release */ = {
			isa = XCBuildConfiguration;
			buildSettings = {
				ALWAYS_SEARCH_USER_PATHS = NO;
				CLANG_ANALYZER_NONNULL = YES;
				CLANG_CXX_LANGUAGE_STANDARD = "gnu++0x";
				CLANG_CXX_LIBRARY = "libc++";
				CLANG_ENABLE_MODULES = YES;
				CLANG_ENABLE_OBJC_ARC = YES;
				CLANG_WARN_BOOL_CONVERSION = YES;
				CLANG_WARN_CONSTANT_CONVERSION = YES;
				CLANG_WARN_DIRECT_OBJC_ISA_USAGE = YES_ERROR;
				CLANG_WARN_DOCUMENTATION_COMMENTS = YES;
				CLANG_WARN_EMPTY_BODY = YES;
				CLANG_WARN_ENUM_CONVERSION = YES;
				CLANG_WARN_INFINITE_RECURSION = YES;
				CLANG_WARN_INT_CONVERSION = YES;
				CLANG_WARN_OBJC_ROOT_CLASS = YES_ERROR;
				CLANG_WARN_SUSPICIOUS_MOVE = YES;
				CLANG_WARN_UNREACHABLE_CODE = YES;
				CLANG_WARN__DUPLICATE_METHOD_MATCH = YES;
				"CODE_SIGN_IDENTITY[sdk=iphoneos*]" = "iPhone Developer";
				COPY_PHASE_STRIP = NO;
				DEBUG_INFORMATION_FORMAT = "dwarf-with-dsym";
				ENABLE_NS_ASSERTIONS = NO;
				ENABLE_STRICT_OBJC_MSGSEND = YES;
				GCC_C_LANGUAGE_STANDARD = gnu99;
				GCC_NO_COMMON_BLOCKS = YES;
				GCC_WARN_64_TO_32_BIT_CONVERSION = YES;
				GCC_WARN_ABOUT_RETURN_TYPE = YES_ERROR;
				GCC_WARN_UNDECLARED_SELECTOR = YES;
				GCC_WARN_UNINITIALIZED_AUTOS = YES_AGGRESSIVE;
				GCC_WARN_UNUSED_FUNCTION = YES;
				GCC_WARN_UNUSED_VARIABLE = YES;
				IPHONEOS_DEPLOYMENT_TARGET = 10.2;
				MTL_ENABLE_DEBUG_INFO = NO;
				SDKROOT = iphoneos;
				SWIFT_OPTIMIZATION_LEVEL = "-Owholemodule";
				VALIDATE_PRODUCT = YES;
			};
			name = Release;
		};
		6E68D4B81E445C0100A6D21E /* Debug */ = {
			isa = XCBuildConfiguration;
			baseConfigurationReference = D54553EB998925F6556D8CEE /* Pods-Search.debug.xcconfig */;
			buildSettings = {
				ASSETCATALOG_COMPILER_APPICON_NAME = AppIcon;
				DEVELOPMENT_TEAM = 95YHHS8BGP;
				INFOPLIST_FILE = Search/Info.plist;
				LD_RUNPATH_SEARCH_PATHS = "$(inherited) @executable_path/Frameworks";
				PRODUCT_BUNDLE_IDENTIFIER = com.pikachu987.Search;
				PRODUCT_NAME = "$(TARGET_NAME)";
				SWIFT_VERSION = 3.0;
			};
			name = Debug;
		};
		6E68D4B91E445C0100A6D21E /* Release */ = {
			isa = XCBuildConfiguration;
			baseConfigurationReference = 05E9207AC4A679D604B6B2C0 /* Pods-Search.release.xcconfig */;
			buildSettings = {
				ASSETCATALOG_COMPILER_APPICON_NAME = AppIcon;
				DEVELOPMENT_TEAM = 95YHHS8BGP;
				INFOPLIST_FILE = Search/Info.plist;
				LD_RUNPATH_SEARCH_PATHS = "$(inherited) @executable_path/Frameworks";
				PRODUCT_BUNDLE_IDENTIFIER = com.pikachu987.Search;
				PRODUCT_NAME = "$(TARGET_NAME)";
				SWIFT_VERSION = 3.0;
			};
			name = Release;
		};
		6E68D4BB1E445C0100A6D21E /* Debug */ = {
			isa = XCBuildConfiguration;
			baseConfigurationReference = D8B604F0C138B57A7FEA20CC /* Pods-SearchTests.debug.xcconfig */;
			buildSettings = {
				ALWAYS_EMBED_SWIFT_STANDARD_LIBRARIES = YES;
				BUNDLE_LOADER = "$(TEST_HOST)";
				DEVELOPMENT_TEAM = 95YHHS8BGP;
				INFOPLIST_FILE = SearchTests/Info.plist;
				LD_RUNPATH_SEARCH_PATHS = "$(inherited) @executable_path/Frameworks @loader_path/Frameworks";
				PRODUCT_BUNDLE_IDENTIFIER = com.pikachu987.SearchTests;
				PRODUCT_NAME = "$(TARGET_NAME)";
				SWIFT_VERSION = 3.0;
				TEST_HOST = "$(BUILT_PRODUCTS_DIR)/Search.app/Search";
			};
			name = Debug;
		};
		6E68D4BC1E445C0100A6D21E /* Release */ = {
			isa = XCBuildConfiguration;
			baseConfigurationReference = 0445933B73D4D8321455A635 /* Pods-SearchTests.release.xcconfig */;
			buildSettings = {
				ALWAYS_EMBED_SWIFT_STANDARD_LIBRARIES = YES;
				BUNDLE_LOADER = "$(TEST_HOST)";
				DEVELOPMENT_TEAM = 95YHHS8BGP;
				INFOPLIST_FILE = SearchTests/Info.plist;
				LD_RUNPATH_SEARCH_PATHS = "$(inherited) @executable_path/Frameworks @loader_path/Frameworks";
				PRODUCT_BUNDLE_IDENTIFIER = com.pikachu987.SearchTests;
				PRODUCT_NAME = "$(TARGET_NAME)";
				SWIFT_VERSION = 3.0;
				TEST_HOST = "$(BUILT_PRODUCTS_DIR)/Search.app/Search";
			};
			name = Release;
		};
		6E68D4BE1E445C0100A6D21E /* Debug */ = {
			isa = XCBuildConfiguration;
			baseConfigurationReference = 2A3D933BAABF3D83F25021F0 /* Pods-SearchUITests.debug.xcconfig */;
			buildSettings = {
				ALWAYS_EMBED_SWIFT_STANDARD_LIBRARIES = YES;
				DEVELOPMENT_TEAM = 95YHHS8BGP;
				INFOPLIST_FILE = SearchUITests/Info.plist;
				LD_RUNPATH_SEARCH_PATHS = "$(inherited) @executable_path/Frameworks @loader_path/Frameworks";
				PRODUCT_BUNDLE_IDENTIFIER = com.pikachu987.SearchUITests;
				PRODUCT_NAME = "$(TARGET_NAME)";
				SWIFT_VERSION = 3.0;
				TEST_TARGET_NAME = Search;
			};
			name = Debug;
		};
		6E68D4BF1E445C0100A6D21E /* Release */ = {
			isa = XCBuildConfiguration;
			baseConfigurationReference = B1290DE24A522B98F329DB93 /* Pods-SearchUITests.release.xcconfig */;
			buildSettings = {
				ALWAYS_EMBED_SWIFT_STANDARD_LIBRARIES = YES;
				DEVELOPMENT_TEAM = 95YHHS8BGP;
				INFOPLIST_FILE = SearchUITests/Info.plist;
				LD_RUNPATH_SEARCH_PATHS = "$(inherited) @executable_path/Frameworks @loader_path/Frameworks";
				PRODUCT_BUNDLE_IDENTIFIER = com.pikachu987.SearchUITests;
				PRODUCT_NAME = "$(TARGET_NAME)";
				SWIFT_VERSION = 3.0;
				TEST_TARGET_NAME = Search;
			};
			name = Release;
		};
/* End XCBuildConfiguration section */

/* Begin XCConfigurationList section */
		6E68D4871E445C0100A6D21E /* Build configuration list for PBXProject "Search" */ = {
			isa = XCConfigurationList;
			buildConfigurations = (
				6E68D4B51E445C0100A6D21E /* Debug */,
				6E68D4B61E445C0100A6D21E /* Release */,
			);
			defaultConfigurationIsVisible = 0;
			defaultConfigurationName = Release;
		};
		6E68D4B71E445C0100A6D21E /* Build configuration list for PBXNativeTarget "Search" */ = {
			isa = XCConfigurationList;
			buildConfigurations = (
				6E68D4B81E445C0100A6D21E /* Debug */,
				6E68D4B91E445C0100A6D21E /* Release */,
			);
			defaultConfigurationIsVisible = 0;
			defaultConfigurationName = Release;
		};
		6E68D4BA1E445C0100A6D21E /* Build configuration list for PBXNativeTarget "SearchTests" */ = {
			isa = XCConfigurationList;
			buildConfigurations = (
				6E68D4BB1E445C0100A6D21E /* Debug */,
				6E68D4BC1E445C0100A6D21E /* Release */,
			);
			defaultConfigurationIsVisible = 0;
			defaultConfigurationName = Release;
		};
		6E68D4BD1E445C0100A6D21E /* Build configuration list for PBXNativeTarget "SearchUITests" */ = {
			isa = XCConfigurationList;
			buildConfigurations = (
				6E68D4BE1E445C0100A6D21E /* Debug */,
				6E68D4BF1E445C0100A6D21E /* Release */,
			);
			defaultConfigurationIsVisible = 0;
			defaultConfigurationName = Release;
		};
/* End XCConfigurationList section */

/* Begin XCVersionGroup section */
		6E68D4961E445C0100A6D21E /* Search.xcdatamodeld */ = {
			isa = XCVersionGroup;
			children = (
				6E68D4971E445C0100A6D21E /* Search.xcdatamodel */,
			);
			currentVersion = 6E68D4971E445C0100A6D21E /* Search.xcdatamodel */;
			path = Search.xcdatamodeld;
			sourceTree = "<group>";
			versionGroupType = wrapper.xcdatamodel;
		};
/* End XCVersionGroup section */
	};
	rootObject = 6E68D4841E445C0100A6D21E /* Project object */;
}
